
Microsoft Visual Studio Solution File, Format Version 12.00
# Visual Studio 2012
Project("{FAE04EC0-301F-11D3-BF4B-00C04F79EFBC}") = "Jocker", "Jocker\Jocker.csproj", "{4FB954B0-F890-4359-9DE5-81987010633E}"
EndProject
Project("{FAE04EC0-301F-11D3-BF4B-00C04F79EFBC}") = "Jocker.Tests", "Jocker.Tests\Jocker.Tests.csproj", "{9AF44583-FD4A-4C73-B0D3-D0573D9DEBF4}"
EndProject
Global
	GlobalSection(SolutionConfigurationPlatforms) = preSolution
		Debug|iPhoneSimulator = Debug|iPhoneSimulator
		Release|iPhone = Release|iPhone
		Release|iPhoneSimulator = Release|iPhoneSimulator
		Debug|iPhone = Debug|iPhone
	EndGlobalSection
	GlobalSection(ProjectConfigurationPlatforms) = postSolution
		{4FB954B0-F890-4359-9DE5-81987010633E}.Debug|iPhoneSimulator.ActiveCfg = Debug|iPhoneSimulator
		{4FB954B0-F890-4359-9DE5-81987010633E}.Debug|iPhoneSimulator.Build.0 = Debug|iPhoneSimulator
		{4FB954B0-F890-4359-9DE5-81987010633E}.Release|iPhone.ActiveCfg = Release|iPhone
		{4FB954B0-F890-4359-9DE5-81987010633E}.Release|iPhone.Build.0 = Release|iPhone
		{4FB954B0-F890-4359-9DE5-81987010633E}.Release|iPhoneSimulator.ActiveCfg = Release|iPhoneSimulator
		{4FB954B0-F890-4359-9DE5-81987010633E}.Release|iPhoneSimulator.Build.0 = Release|iPhoneSimulator
		{4FB954B0-F890-4359-9DE5-81987010633E}.Debug|iPhone.ActiveCfg = Debug|iPhone
		{4FB954B0-F890-4359-9DE5-81987010633E}.Debug|iPhone.Build.0 = Debug|iPhone
		{9AF44583-FD4A-4C73-B0D3-D0573D9DEBF4}.Debug|iPhoneSimulator.ActiveCfg = Debug|iPhoneSimulator
		{9AF44583-FD4A-4C73-B0D3-D0573D9DEBF4}.Debug|iPhoneSimulator.Build.0 = Debug|iPhoneSimulator
		{9AF44583-FD4A-4C73-B0D3-D0573D9DEBF4}.Release|iPhone.ActiveCfg = Release|iPhone
		{9AF44583-FD4A-4C73-B0D3-D0573D9DEBF4}.Release|iPhone.Build.0 = Release|iPhone
		{9AF44583-FD4A-4C73-B0D3-D0573D9DEBF4}.Release|iPhoneSimulator.ActiveCfg = Release|iPhoneSimulator
		{9AF44583-FD4A-4C73-B0D3-D0573D9DEBF4}.Release|iPhoneSimulator.Build.0 = Release|iPhoneSimulator
		{9AF44583-FD4A-4C73-B0D3-D0573D9DEBF4}.Debug|iPhone.ActiveCfg = Debug|iPhone
		{9AF44583-FD4A-4C73-B0D3-D0573D9DEBF4}.Debug|iPhone.Build.0 = Debug|iPhone
	EndGlobalSection
EndGlobal
