// !$*UTF8*$!
{
	archiveVersion = 1;
	classes = {
	};
	objectVersion = 56;
	objects = {

/* Begin PBXBuildFile section */
		7E4AC9462F268D810037CA75 /* AppDelegate.swift in Sources */ = {isa = PBXBuildFile; fileRef = 7E4AC9452F268D810037CA75 /* AppDelegate.swift */; };
		7E4AC9482F268D820037CA75 /* GameScene.sks in Resources */ = {isa = PBXBuildFile; fileRef = 7E4AC9472F268D820037CA75 /* GameScene.sks */; };
		7E4AC94A2F268D820037CA75 /* Actions.sks in Resources */ = {isa = PBXBuildFile; fileRef = 7E4AC9492F268D820037CA75 /* Actions.sks */; };
		7E4AC94C2F268D820037CA75 /* GameScene.swift in Sources */ = {isa = PBXBuildFile; fileRef = 7E4AC94B2F268D820037CA75 /* GameScene.swift */; };
		7E4AC94E2F268D820037CA75 /* GameViewController.swift in Sources */ = {isa = PBXBuildFile; fileRef = 7E4AC94D2F268D820037CA75 /* GameViewController.swift */; };
		7E4AC9512F268D820037CA75 /* Main.storyboard in Resources */ = {isa = PBXBuildFile; fileRef = 7E4AC94F2F268D820037CA75 /* Main.storyboard */; };
		7E4AC9532F268D850037CA75 /* Assets.xcassets in Resources */ = {isa = PBXBuildFile; fileRef = 7E4AC9522F268D850037CA75 /* Assets.xcassets */; };
		7E4AC9562F268D850037CA75 /* LaunchScreen.storyboard in Resources */ = {isa = PBXBuildFile; fileRef = 7E4AC9542F268D850037CA75 /* LaunchScreen.storyboard */; };
		7E4AC9602F268D860037CA75 /* JockerTests.swift in Sources */ = {isa = PBXBuildFile; fileRef = 7E4AC95F2F268D860037CA75 /* JockerTests.swift */; };
		7E4AC96A2F268D860037CA75 /* JockerUITests.swift in Sources */ = {isa = PBXBuildFile; fileRef = 7E4AC9692F268D860037CA75 /* JockerUITests.swift */; };
		7E4AC96C2F268D860037CA75 /* JockerUITestsLaunchTests.swift in Sources */ = {isa = PBXBuildFile; fileRef = 7E4AC96B2F268D860037CA75 /* JockerUITestsLaunchTests.swift */; };
		7E4AC9792F268E000037CA75 /* PlayerSelectionViewController.swift in Sources */ = {isa = PBXBuildFile; fileRef = 7E4AC9782F268E000037CA75 /* PlayerSelectionViewController.swift */; };
		7E4AC97A2F268F000037CA75 /* PlayerNode.swift in Sources */ = {isa = PBXBuildFile; fileRef = 7E4AC97B2F268F000037CA75 /* PlayerNode.swift */; };
		7E4AC97C2F269A000037CA75 /* Card.swift in Sources */ = {isa = PBXBuildFile; fileRef = 7E4AC97D2F269A000037CA75 /* Card.swift */; };
		7E4AC97E2F269A100037CA75 /* Deck.swift in Sources */ = {isa = PBXBuildFile; fileRef = 7E4AC97F2F269A100037CA75 /* Deck.swift */; };
		7E4AC9802F269A200037CA75 /* CardNode.swift in Sources */ = {isa = PBXBuildFile; fileRef = 7E4AC9812F269A200037CA75 /* CardNode.swift */; };
		7E4AC9822F269A300037CA75 /* CardHandNode.swift in Sources */ = {isa = PBXBuildFile; fileRef = 7E4AC9832F269A300037CA75 /* CardHandNode.swift */; };
		7E4AC9842F269A400037CA75 /* TrumpIndicator.swift in Sources */ = {isa = PBXBuildFile; fileRef = 7E4AC9852F269A400037CA75 /* TrumpIndicator.swift */; };
		7E4AC9862F269A500037CA75 /* TrickNode.swift in Sources */ = {isa = PBXBuildFile; fileRef = 7E4AC9872F269A500037CA75 /* TrickNode.swift */; };
		7E4AC9882F269A600037CA75 /* GameState.swift in Sources */ = {isa = PBXBuildFile; fileRef = 7E4AC9892F269A600037CA75 /* GameState.swift */; };
		7E4AC98A2F269A700037CA75 /* CardDemoScene.swift in Sources */ = {isa = PBXBuildFile; fileRef = 7E4AC98B2F269A700037CA75 /* CardDemoScene.swift */; };
		AA0000022F2800010037CA75 /* RoundResult.swift in Sources */ = {isa = PBXBuildFile; fileRef = AA0000012F2800010037CA75 /* RoundResult.swift */; };
		AA0000042F2800010037CA75 /* ScoreCalculator.swift in Sources */ = {isa = PBXBuildFile; fileRef = AA0000032F2800010037CA75 /* ScoreCalculator.swift */; };
		AA0000062F2800010037CA75 /* BlockResult.swift in Sources */ = {isa = PBXBuildFile; fileRef = AA0000052F2800010037CA75 /* BlockResult.swift */; };
		AA0000082F2800010037CA75 /* ScoreManager.swift in Sources */ = {isa = PBXBuildFile; fileRef = AA0000072F2800010037CA75 /* ScoreManager.swift */; };
		AA00000A2F2800010037CA75 /* ScoreCalculatorTests.swift in Sources */ = {isa = PBXBuildFile; fileRef = AA0000092F2800010037CA75 /* ScoreCalculatorTests.swift */; };
		AA00000C2F2800010037CA75 /* ScoreManagerTests.swift in Sources */ = {isa = PBXBuildFile; fileRef = AA00000B2F2800010037CA75 /* ScoreManagerTests.swift */; };
		DD1000022F3E00010037CA75 /* GameStateTests.swift in Sources */ = {isa = PBXBuildFile; fileRef = DD1000012F3E00010037CA75 /* GameStateTests.swift */; };
		AA2000022F2A00010037CA75 /* ScoreTableViewController.swift in Sources */ = {isa = PBXBuildFile; fileRef = AA2000012F2A00010037CA75 /* ScoreTableViewController.swift */; };
		AA2000042F2A00010037CA75 /* ScoreTableView.swift in Sources */ = {isa = PBXBuildFile; fileRef = AA2000032F2A00010037CA75 /* ScoreTableView.swift */; };
		AA3000022F2B00010037CA75 /* TricksOrderViewController.swift in Sources */ = {isa = PBXBuildFile; fileRef = AA3000012F2B00010037CA75 /* TricksOrderViewController.swift */; };
		AB1000022F4200010037CA75 /* GameBlockFormatter.swift in Sources */ = {isa = PBXBuildFile; fileRef = AB1000012F4200010037CA75 /* GameBlockFormatter.swift */; };
		BB0000022F2800010037CA75 /* GamePhase.swift in Sources */ = {isa = PBXBuildFile; fileRef = BB0000012F2800010037CA75 /* GamePhase.swift */; };
		BB0000042F2800010037CA75 /* GameBlock.swift in Sources */ = {isa = PBXBuildFile; fileRef = BB0000032F2800010037CA75 /* GameBlock.swift */; };
		BB0000062F2800010037CA75 /* PlayerInfo.swift in Sources */ = {isa = PBXBuildFile; fileRef = BB0000052F2800010037CA75 /* PlayerInfo.swift */; };
		BB0000082F2800010037CA75 /* GameButton.swift in Sources */ = {isa = PBXBuildFile; fileRef = BB0000072F2800010037CA75 /* GameButton.swift */; };
		CC0000012F2800010037CA75 /* GameConstants.swift in Sources */ = {isa = PBXBuildFile; fileRef = CC0000022F2800010037CA75 /* GameConstants.swift */; };
		CC0000032F2800010037CA75 /* GameColors.swift in Sources */ = {isa = PBXBuildFile; fileRef = CC0000042F2800010037CA75 /* GameColors.swift */; };
		CC0000062F2800010037CA75 /* PokerTableNode.swift in Sources */ = {isa = PBXBuildFile; fileRef = CC0000072F2800010037CA75 /* PokerTableNode.swift */; };
		C0DE10012F5000010037CA75 /* GameSceneCoordinator.swift in Sources */ = {isa = PBXBuildFile; fileRef = C0DE20012F5000010037CA75 /* GameSceneCoordinator.swift */; };
		C0DE10022F5000010037CA75 /* GameRoundService.swift in Sources */ = {isa = PBXBuildFile; fileRef = C0DE20022F5000010037CA75 /* GameRoundService.swift */; };
		C0DE10032F5000010037CA75 /* GameTurnService.swift in Sources */ = {isa = PBXBuildFile; fileRef = C0DE20032F5000010037CA75 /* GameTurnService.swift */; };
		C0DE10042F5000010037CA75 /* GameAnimationService.swift in Sources */ = {isa = PBXBuildFile; fileRef = C0DE20042F5000010037CA75 /* GameAnimationService.swift */; };
		C0DE10052F5300010037CA75 /* BotBiddingService.swift in Sources */ = {isa = PBXBuildFile; fileRef = C0DE20052F5300010037CA75 /* BotBiddingService.swift */; };
		C0DE70012F5400010037CA75 /* BotTurnStrategyService.swift in Sources */ = {isa = PBXBuildFile; fileRef = C0DE80012F5400010037CA75 /* BotTurnStrategyService.swift */; };
		C0DE70022F5400010037CA75 /* BotTurnStrategyServiceTests.swift in Sources */ = {isa = PBXBuildFile; fileRef = C0DE80022F5400010037CA75 /* BotTurnStrategyServiceTests.swift */; };
		C0DE70032F5400010037CA75 /* AutoPlayFlowTests.swift in Sources */ = {isa = PBXBuildFile; fileRef = C0DE80032F5400010037CA75 /* AutoPlayFlowTests.swift */; };
		C0DE50012F5000010037CA75 /* GameFlowIntegrationTests.swift in Sources */ = {isa = PBXBuildFile; fileRef = C0DE60012F5000010037CA75 /* GameFlowIntegrationTests.swift */; };
		C0DE50022F5300010037CA75 /* BotBiddingServiceTests.swift in Sources */ = {isa = PBXBuildFile; fileRef = C0DE60022F5300010037CA75 /* BotBiddingServiceTests.swift */; };
		EEA1B0032F3F10010037CA75 /* TurnIndicatorNode.swift in Sources */ = {isa = PBXBuildFile; fileRef = EEA1B0022F3F10010037CA75 /* TurnIndicatorNode.swift */; };
		F10000022F4100010037CA75 /* TrickTakingResolver.swift in Sources */ = {isa = PBXBuildFile; fileRef = F10000012F4100010037CA75 /* TrickTakingResolver.swift */; };
		F10000042F4100010037CA75 /* TrickTakingResolverTests.swift in Sources */ = {isa = PBXBuildFile; fileRef = F10000032F4100010037CA75 /* TrickTakingResolverTests.swift */; };
		F20000012F5200010037CA75 /* JokerLeadDeclaration.swift in Sources */ = {isa = PBXBuildFile; fileRef = F20000042F5200010037CA75 /* JokerLeadDeclaration.swift */; };
		F20000022F5200010037CA75 /* JokerPlayStyle.swift in Sources */ = {isa = PBXBuildFile; fileRef = F20000052F5200010037CA75 /* JokerPlayStyle.swift */; };
		F20000032F5200010037CA75 /* PlayedTrickCard.swift in Sources */ = {isa = PBXBuildFile; fileRef = F20000062F5200010037CA75 /* PlayedTrickCard.swift */; };
		F20000072F5200010037CA75 /* JokerPlayDecision.swift in Sources */ = {isa = PBXBuildFile; fileRef = F20000092F5200010037CA75 /* JokerPlayDecision.swift */; };
		F20000082F5200010037CA75 /* JokerModeSelectionViewController.swift in Sources */ = {isa = PBXBuildFile; fileRef = F200000A2F5200010037CA75 /* JokerModeSelectionViewController.swift */; };
		F200000B2F5300010037CA75 /* PlayerControlType.swift in Sources */ = {isa = PBXBuildFile; fileRef = F200000C2F5300010037CA75 /* PlayerControlType.swift */; };
		F30000012F5300010037CA75 /* BidSelectionViewController.swift in Sources */ = {isa = PBXBuildFile; fileRef = F30000022F5300010037CA75 /* BidSelectionViewController.swift */; };
/* End PBXBuildFile section */

/* Begin PBXContainerItemProxy section */
		7E4AC95C2F268D860037CA75 /* PBXContainerItemProxy */ = {
			isa = PBXContainerItemProxy;
			containerPortal = 7E4AC93A2F268D810037CA75 /* Project object */;
			proxyType = 1;
			remoteGlobalIDString = 7E4AC9412F268D810037CA75;
			remoteInfo = Jocker;
		};
		7E4AC9662F268D860037CA75 /* PBXContainerItemProxy */ = {
			isa = PBXContainerItemProxy;
			containerPortal = 7E4AC93A2F268D810037CA75 /* Project object */;
			proxyType = 1;
			remoteGlobalIDString = 7E4AC9412F268D810037CA75;
			remoteInfo = Jocker;
		};
/* End PBXContainerItemProxy section */

/* Begin PBXFileReference section */
		7E4AC9422F268D810037CA75 /* Jocker.app */ = {isa = PBXFileReference; explicitFileType = wrapper.application; includeInIndex = 0; path = Jocker.app; sourceTree = BUILT_PRODUCTS_DIR; };
		7E4AC9452F268D810037CA75 /* AppDelegate.swift */ = {isa = PBXFileReference; lastKnownFileType = sourcecode.swift; path = AppDelegate.swift; sourceTree = "<group>"; };
		7E4AC9472F268D820037CA75 /* GameScene.sks */ = {isa = PBXFileReference; lastKnownFileType = file.sks; path = GameScene.sks; sourceTree = "<group>"; };
		7E4AC9492F268D820037CA75 /* Actions.sks */ = {isa = PBXFileReference; lastKnownFileType = file.sks; path = Actions.sks; sourceTree = "<group>"; };
		7E4AC94B2F268D820037CA75 /* GameScene.swift */ = {isa = PBXFileReference; lastKnownFileType = sourcecode.swift; path = GameScene.swift; sourceTree = "<group>"; };
		7E4AC94D2F268D820037CA75 /* GameViewController.swift */ = {isa = PBXFileReference; lastKnownFileType = sourcecode.swift; path = GameViewController.swift; sourceTree = "<group>"; };
		7E4AC9502F268D820037CA75 /* Base */ = {isa = PBXFileReference; lastKnownFileType = file.storyboard; name = Base; path = Base.lproj/Main.storyboard; sourceTree = "<group>"; };
		7E4AC9522F268D850037CA75 /* Assets.xcassets */ = {isa = PBXFileReference; lastKnownFileType = folder.assetcatalog; path = Assets.xcassets; sourceTree = "<group>"; };
		7E4AC9552F268D850037CA75 /* Base */ = {isa = PBXFileReference; lastKnownFileType = file.storyboard; name = Base; path = Base.lproj/LaunchScreen.storyboard; sourceTree = "<group>"; };
		7E4AC95B2F268D860037CA75 /* JockerTests.xctest */ = {isa = PBXFileReference; explicitFileType = wrapper.cfbundle; includeInIndex = 0; path = JockerTests.xctest; sourceTree = BUILT_PRODUCTS_DIR; };
		7E4AC95F2F268D860037CA75 /* JockerTests.swift */ = {isa = PBXFileReference; lastKnownFileType = sourcecode.swift; path = JockerTests.swift; sourceTree = "<group>"; };
		7E4AC9652F268D860037CA75 /* JockerUITests.xctest */ = {isa = PBXFileReference; explicitFileType = wrapper.cfbundle; includeInIndex = 0; path = JockerUITests.xctest; sourceTree = BUILT_PRODUCTS_DIR; };
		7E4AC9692F268D860037CA75 /* JockerUITests.swift */ = {isa = PBXFileReference; lastKnownFileType = sourcecode.swift; path = JockerUITests.swift; sourceTree = "<group>"; };
		7E4AC96B2F268D860037CA75 /* JockerUITestsLaunchTests.swift */ = {isa = PBXFileReference; lastKnownFileType = sourcecode.swift; path = JockerUITestsLaunchTests.swift; sourceTree = "<group>"; };
		7E4AC9782F268E000037CA75 /* PlayerSelectionViewController.swift */ = {isa = PBXFileReference; lastKnownFileType = sourcecode.swift; path = PlayerSelectionViewController.swift; sourceTree = "<group>"; };
		7E4AC97B2F268F000037CA75 /* PlayerNode.swift */ = {isa = PBXFileReference; lastKnownFileType = sourcecode.swift; path = PlayerNode.swift; sourceTree = "<group>"; };
		7E4AC97D2F269A000037CA75 /* Card.swift */ = {isa = PBXFileReference; lastKnownFileType = sourcecode.swift; path = Card.swift; sourceTree = "<group>"; };
		7E4AC97F2F269A100037CA75 /* Deck.swift */ = {isa = PBXFileReference; lastKnownFileType = sourcecode.swift; path = Deck.swift; sourceTree = "<group>"; };
		7E4AC9812F269A200037CA75 /* CardNode.swift */ = {isa = PBXFileReference; lastKnownFileType = sourcecode.swift; path = CardNode.swift; sourceTree = "<group>"; };
		7E4AC9832F269A300037CA75 /* CardHandNode.swift */ = {isa = PBXFileReference; lastKnownFileType = sourcecode.swift; path = CardHandNode.swift; sourceTree = "<group>"; };
		7E4AC9852F269A400037CA75 /* TrumpIndicator.swift */ = {isa = PBXFileReference; lastKnownFileType = sourcecode.swift; path = TrumpIndicator.swift; sourceTree = "<group>"; };
		7E4AC9872F269A500037CA75 /* TrickNode.swift */ = {isa = PBXFileReference; lastKnownFileType = sourcecode.swift; path = TrickNode.swift; sourceTree = "<group>"; };
		7E4AC9892F269A600037CA75 /* GameState.swift */ = {isa = PBXFileReference; lastKnownFileType = sourcecode.swift; path = GameState.swift; sourceTree = "<group>"; };
		7E4AC98B2F269A700037CA75 /* CardDemoScene.swift */ = {isa = PBXFileReference; lastKnownFileType = sourcecode.swift; path = CardDemoScene.swift; sourceTree = "<group>"; };
		AA0000012F2800010037CA75 /* RoundResult.swift */ = {isa = PBXFileReference; lastKnownFileType = sourcecode.swift; path = RoundResult.swift; sourceTree = "<group>"; };
		AA0000032F2800010037CA75 /* ScoreCalculator.swift */ = {isa = PBXFileReference; lastKnownFileType = sourcecode.swift; path = ScoreCalculator.swift; sourceTree = "<group>"; };
		AA0000052F2800010037CA75 /* BlockResult.swift */ = {isa = PBXFileReference; lastKnownFileType = sourcecode.swift; path = BlockResult.swift; sourceTree = "<group>"; };
		AA0000072F2800010037CA75 /* ScoreManager.swift */ = {isa = PBXFileReference; lastKnownFileType = sourcecode.swift; path = ScoreManager.swift; sourceTree = "<group>"; };
		AA0000092F2800010037CA75 /* ScoreCalculatorTests.swift */ = {isa = PBXFileReference; lastKnownFileType = sourcecode.swift; path = ScoreCalculatorTests.swift; sourceTree = "<group>"; };
		AA00000B2F2800010037CA75 /* ScoreManagerTests.swift */ = {isa = PBXFileReference; lastKnownFileType = sourcecode.swift; path = ScoreManagerTests.swift; sourceTree = "<group>"; };
		DD1000012F3E00010037CA75 /* GameStateTests.swift */ = {isa = PBXFileReference; lastKnownFileType = sourcecode.swift; path = GameStateTests.swift; sourceTree = "<group>"; };
		AA2000012F2A00010037CA75 /* ScoreTableViewController.swift */ = {isa = PBXFileReference; lastKnownFileType = sourcecode.swift; path = ScoreTableViewController.swift; sourceTree = "<group>"; };
		AA2000032F2A00010037CA75 /* ScoreTableView.swift */ = {isa = PBXFileReference; lastKnownFileType = sourcecode.swift; path = ScoreTableView.swift; sourceTree = "<group>"; };
		AA3000012F2B00010037CA75 /* TricksOrderViewController.swift */ = {isa = PBXFileReference; lastKnownFileType = sourcecode.swift; path = TricksOrderViewController.swift; sourceTree = "<group>"; };
		AB1000012F4200010037CA75 /* GameBlockFormatter.swift */ = {isa = PBXFileReference; lastKnownFileType = sourcecode.swift; path = GameBlockFormatter.swift; sourceTree = "<group>"; };
		BB0000012F2800010037CA75 /* GamePhase.swift */ = {isa = PBXFileReference; lastKnownFileType = sourcecode.swift; path = GamePhase.swift; sourceTree = "<group>"; };
		BB0000032F2800010037CA75 /* GameBlock.swift */ = {isa = PBXFileReference; lastKnownFileType = sourcecode.swift; path = GameBlock.swift; sourceTree = "<group>"; };
		BB0000052F2800010037CA75 /* PlayerInfo.swift */ = {isa = PBXFileReference; lastKnownFileType = sourcecode.swift; path = PlayerInfo.swift; sourceTree = "<group>"; };
		BB0000072F2800010037CA75 /* GameButton.swift */ = {isa = PBXFileReference; lastKnownFileType = sourcecode.swift; path = GameButton.swift; sourceTree = "<group>"; };
		CC0000022F2800010037CA75 /* GameConstants.swift */ = {isa = PBXFileReference; lastKnownFileType = sourcecode.swift; path = GameConstants.swift; sourceTree = "<group>"; };
		CC0000042F2800010037CA75 /* GameColors.swift */ = {isa = PBXFileReference; lastKnownFileType = sourcecode.swift; path = GameColors.swift; sourceTree = "<group>"; };
		CC0000072F2800010037CA75 /* PokerTableNode.swift */ = {isa = PBXFileReference; lastKnownFileType = sourcecode.swift; path = PokerTableNode.swift; sourceTree = "<group>"; };
		C0DE20012F5000010037CA75 /* GameSceneCoordinator.swift */ = {isa = PBXFileReference; lastKnownFileType = sourcecode.swift; path = GameSceneCoordinator.swift; sourceTree = "<group>"; };
		C0DE20022F5000010037CA75 /* GameRoundService.swift */ = {isa = PBXFileReference; lastKnownFileType = sourcecode.swift; path = GameRoundService.swift; sourceTree = "<group>"; };
		C0DE20032F5000010037CA75 /* GameTurnService.swift */ = {isa = PBXFileReference; lastKnownFileType = sourcecode.swift; path = GameTurnService.swift; sourceTree = "<group>"; };
		C0DE20042F5000010037CA75 /* GameAnimationService.swift */ = {isa = PBXFileReference; lastKnownFileType = sourcecode.swift; path = GameAnimationService.swift; sourceTree = "<group>"; };
		C0DE20052F5300010037CA75 /* BotBiddingService.swift */ = {isa = PBXFileReference; lastKnownFileType = sourcecode.swift; path = BotBiddingService.swift; sourceTree = "<group>"; };
		C0DE80012F5400010037CA75 /* BotTurnStrategyService.swift */ = {isa = PBXFileReference; lastKnownFileType = sourcecode.swift; path = BotTurnStrategyService.swift; sourceTree = "<group>"; };
		C0DE60012F5000010037CA75 /* GameFlowIntegrationTests.swift */ = {isa = PBXFileReference; lastKnownFileType = sourcecode.swift; path = GameFlowIntegrationTests.swift; sourceTree = "<group>"; };
		C0DE60022F5300010037CA75 /* BotBiddingServiceTests.swift */ = {isa = PBXFileReference; lastKnownFileType = sourcecode.swift; path = BotBiddingServiceTests.swift; sourceTree = "<group>"; };
		C0DE80022F5400010037CA75 /* BotTurnStrategyServiceTests.swift */ = {isa = PBXFileReference; lastKnownFileType = sourcecode.swift; path = BotTurnStrategyServiceTests.swift; sourceTree = "<group>"; };
		C0DE80032F5400010037CA75 /* AutoPlayFlowTests.swift */ = {isa = PBXFileReference; lastKnownFileType = sourcecode.swift; path = AutoPlayFlowTests.swift; sourceTree = "<group>"; };
		EEA1B0022F3F10010037CA75 /* TurnIndicatorNode.swift */ = {isa = PBXFileReference; lastKnownFileType = sourcecode.swift; path = TurnIndicatorNode.swift; sourceTree = "<group>"; };
		F10000012F4100010037CA75 /* TrickTakingResolver.swift */ = {isa = PBXFileReference; lastKnownFileType = sourcecode.swift; path = TrickTakingResolver.swift; sourceTree = "<group>"; };
		F10000032F4100010037CA75 /* TrickTakingResolverTests.swift */ = {isa = PBXFileReference; lastKnownFileType = sourcecode.swift; path = TrickTakingResolverTests.swift; sourceTree = "<group>"; };
		F20000042F5200010037CA75 /* JokerLeadDeclaration.swift */ = {isa = PBXFileReference; lastKnownFileType = sourcecode.swift; path = JokerLeadDeclaration.swift; sourceTree = "<group>"; };
		F20000052F5200010037CA75 /* JokerPlayStyle.swift */ = {isa = PBXFileReference; lastKnownFileType = sourcecode.swift; path = JokerPlayStyle.swift; sourceTree = "<group>"; };
		F20000062F5200010037CA75 /* PlayedTrickCard.swift */ = {isa = PBXFileReference; lastKnownFileType = sourcecode.swift; path = PlayedTrickCard.swift; sourceTree = "<group>"; };
		F20000092F5200010037CA75 /* JokerPlayDecision.swift */ = {isa = PBXFileReference; lastKnownFileType = sourcecode.swift; path = JokerPlayDecision.swift; sourceTree = "<group>"; };
		F200000A2F5200010037CA75 /* JokerModeSelectionViewController.swift */ = {isa = PBXFileReference; lastKnownFileType = sourcecode.swift; path = JokerModeSelectionViewController.swift; sourceTree = "<group>"; };
		F200000C2F5300010037CA75 /* PlayerControlType.swift */ = {isa = PBXFileReference; lastKnownFileType = sourcecode.swift; path = PlayerControlType.swift; sourceTree = "<group>"; };
		F30000022F5300010037CA75 /* BidSelectionViewController.swift */ = {isa = PBXFileReference; lastKnownFileType = sourcecode.swift; path = BidSelectionViewController.swift; sourceTree = "<group>"; };
/* End PBXFileReference section */

/* Begin PBXFrameworksBuildPhase section */
		7E4AC93F2F268D810037CA75 /* Frameworks */ = {
			isa = PBXFrameworksBuildPhase;
			buildActionMask = 2147483647;
			files = (
			);
			runOnlyForDeploymentPostprocessing = 0;
		};
		7E4AC9582F268D860037CA75 /* Frameworks */ = {
			isa = PBXFrameworksBuildPhase;
			buildActionMask = 2147483647;
			files = (
			);
			runOnlyForDeploymentPostprocessing = 0;
		};
		7E4AC9622F268D860037CA75 /* Frameworks */ = {
			isa = PBXFrameworksBuildPhase;
			buildActionMask = 2147483647;
			files = (
			);
			runOnlyForDeploymentPostprocessing = 0;
		};
/* End PBXFrameworksBuildPhase section */

/* Begin PBXGroup section */
		7E4AC9392F268D810037CA75 = {
			isa = PBXGroup;
			children = (
				7E4AC9442F268D810037CA75 /* Jocker */,
				7E4AC95E2F268D860037CA75 /* JockerTests */,
				7E4AC9682F268D860037CA75 /* JockerUITests */,
				7E4AC9432F268D810037CA75 /* Products */,
			);
			sourceTree = "<group>";
		};
		7E4AC9432F268D810037CA75 /* Products */ = {
			isa = PBXGroup;
			children = (
				7E4AC9422F268D810037CA75 /* Jocker.app */,
				7E4AC95B2F268D860037CA75 /* JockerTests.xctest */,
				7E4AC9652F268D860037CA75 /* JockerUITests.xctest */,
			);
			name = Products;
			sourceTree = "<group>";
		};
		7E4AC9442F268D810037CA75 /* Jocker */ = {
			isa = PBXGroup;
			children = (
				AA1000012F2800020037CA75 /* App */,
				CC0000052F2800010037CA75 /* Core */,
				AA1000022F2800020037CA75 /* Models */,
				AA1000032F2800020037CA75 /* Game */,
				AA1000062F2800020037CA75 /* Scoring */,
				AA1000072F2800020037CA75 /* ViewControllers */,
				AA1000082F2800030037CA75 /* Resources */,
				7E4AC94F2F268D820037CA75 /* Main.storyboard */,
				7E4AC9522F268D850037CA75 /* Assets.xcassets */,
				7E4AC9542F268D850037CA75 /* LaunchScreen.storyboard */,
			);
			path = Jocker;
			sourceTree = "<group>";
		};
		AA1000082F2800030037CA75 /* Resources */ = {
			isa = PBXGroup;
			children = (
				7E4AC9492F268D820037CA75 /* Actions.sks */,
				7E4AC9472F268D820037CA75 /* GameScene.sks */,
			);
			path = Resources;
			sourceTree = "<group>";
		};
		AA1000012F2800020037CA75 /* App */ = {
			isa = PBXGroup;
			children = (
				7E4AC9452F268D810037CA75 /* AppDelegate.swift */,
			);
			path = App;
			sourceTree = "<group>";
		};
		CC0000052F2800010037CA75 /* Core */ = {
			isa = PBXGroup;
			children = (
				CC0000042F2800010037CA75 /* GameColors.swift */,
			);
			path = Core;
			sourceTree = "<group>";
		};
		AA1000022F2800020037CA75 /* Models */ = {
			isa = PBXGroup;
				children = (
					AA0000052F2800010037CA75 /* BlockResult.swift */,
					7E4AC97D2F269A000037CA75 /* Card.swift */,
					7E4AC97F2F269A100037CA75 /* Deck.swift */,
					BB0000032F2800010037CA75 /* GameBlock.swift */,
					AB1000012F4200010037CA75 /* GameBlockFormatter.swift */,
					BB0000012F2800010037CA75 /* GamePhase.swift */,
					CC0000022F2800010037CA75 /* GameConstants.swift */,
					7E4AC9892F269A600037CA75 /* GameState.swift */,
					F20000042F5200010037CA75 /* JokerLeadDeclaration.swift */,
					F20000052F5200010037CA75 /* JokerPlayStyle.swift */,
					F20000092F5200010037CA75 /* JokerPlayDecision.swift */,
					F20000062F5200010037CA75 /* PlayedTrickCard.swift */,
					F200000C2F5300010037CA75 /* PlayerControlType.swift */,
				BB0000052F2800010037CA75 /* PlayerInfo.swift */,
				AA0000012F2800010037CA75 /* RoundResult.swift */,
				F10000012F4100010037CA75 /* TrickTakingResolver.swift */,
			);
			path = Models;
			sourceTree = "<group>";
		};
		AA1000032F2800020037CA75 /* Game */ = {
			isa = PBXGroup;
			children = (
				AA1000042F2800020037CA75 /* Scenes */,
				AA1000052F2800020037CA75 /* Nodes */,
				C0DE30012F5000010037CA75 /* Coordinator */,
				C0DE30022F5000010037CA75 /* Services */,
			);
			path = Game;
			sourceTree = "<group>";
		};
		AA1000042F2800020037CA75 /* Scenes */ = {
			isa = PBXGroup;
			children = (
				7E4AC94B2F268D820037CA75 /* GameScene.swift */,
				7E4AC98B2F269A700037CA75 /* CardDemoScene.swift */,
			);
			path = Scenes;
			sourceTree = "<group>";
		};
		AA1000052F2800020037CA75 /* Nodes */ = {
			isa = PBXGroup;
			children = (
				7E4AC9812F269A200037CA75 /* CardNode.swift */,
				7E4AC9832F269A300037CA75 /* CardHandNode.swift */,
				BB0000072F2800010037CA75 /* GameButton.swift */,
				7E4AC97B2F268F000037CA75 /* PlayerNode.swift */,
				CC0000072F2800010037CA75 /* PokerTableNode.swift */,
				EEA1B0022F3F10010037CA75 /* TurnIndicatorNode.swift */,
				7E4AC9872F269A500037CA75 /* TrickNode.swift */,
				7E4AC9852F269A400037CA75 /* TrumpIndicator.swift */,
			);
			path = Nodes;
			sourceTree = "<group>";
		};
		C0DE30012F5000010037CA75 /* Coordinator */ = {
			isa = PBXGroup;
			children = (
				C0DE20012F5000010037CA75 /* GameSceneCoordinator.swift */,
			);
			path = Coordinator;
			sourceTree = "<group>";
		};
		C0DE30022F5000010037CA75 /* Services */ = {
			isa = PBXGroup;
			children = (
				C0DE20042F5000010037CA75 /* GameAnimationService.swift */,
				C0DE20052F5300010037CA75 /* BotBiddingService.swift */,
				C0DE80012F5400010037CA75 /* BotTurnStrategyService.swift */,
				C0DE20022F5000010037CA75 /* GameRoundService.swift */,
				C0DE20032F5000010037CA75 /* GameTurnService.swift */,
			);
			path = Services;
			sourceTree = "<group>";
		};
		AA1000062F2800020037CA75 /* Scoring */ = {
			isa = PBXGroup;
			children = (
				AA0000032F2800010037CA75 /* ScoreCalculator.swift */,
				AA0000072F2800010037CA75 /* ScoreManager.swift */,
			);
			path = Scoring;
			sourceTree = "<group>";
		};
		AA1000072F2800020037CA75 /* ViewControllers */ = {
			isa = PBXGroup;
			children = (
				7E4AC94D2F268D820037CA75 /* GameViewController.swift */,
				7E4AC9782F268E000037CA75 /* PlayerSelectionViewController.swift */,
				F200000A2F5200010037CA75 /* JokerModeSelectionViewController.swift */,
				F30000022F5300010037CA75 /* BidSelectionViewController.swift */,
				AA2000012F2A00010037CA75 /* ScoreTableViewController.swift */,
				AA2000032F2A00010037CA75 /* ScoreTableView.swift */,
				AA3000012F2B00010037CA75 /* TricksOrderViewController.swift */,
			);
			path = ViewControllers;
			sourceTree = "<group>";
		};
		7E4AC95E2F268D860037CA75 /* JockerTests */ = {
			isa = PBXGroup;
			children = (
				C0DE60012F5000010037CA75 /* GameFlowIntegrationTests.swift */,
				C0DE60022F5300010037CA75 /* BotBiddingServiceTests.swift */,
				C0DE80022F5400010037CA75 /* BotTurnStrategyServiceTests.swift */,
				C0DE80032F5400010037CA75 /* AutoPlayFlowTests.swift */,
				7E4AC95F2F268D860037CA75 /* JockerTests.swift */,
				DD1000012F3E00010037CA75 /* GameStateTests.swift */,
				AA0000092F2800010037CA75 /* ScoreCalculatorTests.swift */,
				AA00000B2F2800010037CA75 /* ScoreManagerTests.swift */,
				F10000032F4100010037CA75 /* TrickTakingResolverTests.swift */,
			);
			path = JockerTests;
			sourceTree = "<group>";
		};
		7E4AC9682F268D860037CA75 /* JockerUITests */ = {
			isa = PBXGroup;
			children = (
				7E4AC9692F268D860037CA75 /* JockerUITests.swift */,
				7E4AC96B2F268D860037CA75 /* JockerUITestsLaunchTests.swift */,
			);
			path = JockerUITests;
			sourceTree = "<group>";
		};
/* End PBXGroup section */

/* Begin PBXNativeTarget section */
		7E4AC9412F268D810037CA75 /* Jocker */ = {
			isa = PBXNativeTarget;
			buildConfigurationList = 7E4AC96F2F268D860037CA75 /* Build configuration list for PBXNativeTarget "Jocker" */;
			buildPhases = (
				7E4AC93E2F268D810037CA75 /* Sources */,
				7E4AC93F2F268D810037CA75 /* Frameworks */,
				7E4AC9402F268D810037CA75 /* Resources */,
			);
			buildRules = (
			);
			dependencies = (
			);
			name = Jocker;
			productName = Jocker;
			productReference = 7E4AC9422F268D810037CA75 /* Jocker.app */;
			productType = "com.apple.product-type.application";
		};
		7E4AC95A2F268D860037CA75 /* JockerTests */ = {
			isa = PBXNativeTarget;
			buildConfigurationList = 7E4AC9722F268D860037CA75 /* Build configuration list for PBXNativeTarget "JockerTests" */;
			buildPhases = (
				7E4AC9572F268D860037CA75 /* Sources */,
				7E4AC9582F268D860037CA75 /* Frameworks */,
				7E4AC9592F268D860037CA75 /* Resources */,
			);
			buildRules = (
			);
			dependencies = (
				7E4AC95D2F268D860037CA75 /* PBXTargetDependency */,
			);
			name = JockerTests;
			productName = JockerTests;
			productReference = 7E4AC95B2F268D860037CA75 /* JockerTests.xctest */;
			productType = "com.apple.product-type.bundle.unit-test";
		};
		7E4AC9642F268D860037CA75 /* JockerUITests */ = {
			isa = PBXNativeTarget;
			buildConfigurationList = 7E4AC9752F268D860037CA75 /* Build configuration list for PBXNativeTarget "JockerUITests" */;
			buildPhases = (
				7E4AC9612F268D860037CA75 /* Sources */,
				7E4AC9622F268D860037CA75 /* Frameworks */,
				7E4AC9632F268D860037CA75 /* Resources */,
			);
			buildRules = (
			);
			dependencies = (
				7E4AC9672F268D860037CA75 /* PBXTargetDependency */,
			);
			name = JockerUITests;
			productName = JockerUITests;
			productReference = 7E4AC9652F268D860037CA75 /* JockerUITests.xctest */;
			productType = "com.apple.product-type.bundle.ui-testing";
		};
/* End PBXNativeTarget section */

/* Begin PBXProject section */
		7E4AC93A2F268D810037CA75 /* Project object */ = {
			isa = PBXProject;
			attributes = {
				BuildIndependentTargetsInParallel = 1;
				LastSwiftUpdateCheck = 1520;
				LastUpgradeCheck = 1520;
				TargetAttributes = {
					7E4AC9412F268D810037CA75 = {
						CreatedOnToolsVersion = 15.2;
					};
					7E4AC95A2F268D860037CA75 = {
						CreatedOnToolsVersion = 15.2;
						TestTargetID = 7E4AC9412F268D810037CA75;
					};
					7E4AC9642F268D860037CA75 = {
						CreatedOnToolsVersion = 15.2;
						TestTargetID = 7E4AC9412F268D810037CA75;
					};
				};
			};
			buildConfigurationList = 7E4AC93D2F268D810037CA75 /* Build configuration list for PBXProject "Jocker" */;
			compatibilityVersion = "Xcode 14.0";
			developmentRegion = en;
			hasScannedForEncodings = 0;
			knownRegions = (
				en,
				Base,
			);
			mainGroup = 7E4AC9392F268D810037CA75;
			productRefGroup = 7E4AC9432F268D810037CA75 /* Products */;
			projectDirPath = "";
			projectRoot = "";
			targets = (
				7E4AC9412F268D810037CA75 /* Jocker */,
				7E4AC95A2F268D860037CA75 /* JockerTests */,
				7E4AC9642F268D860037CA75 /* JockerUITests */,
			);
		};
/* End PBXProject section */

/* Begin PBXResourcesBuildPhase section */
		7E4AC9402F268D810037CA75 /* Resources */ = {
			isa = PBXResourcesBuildPhase;
			buildActionMask = 2147483647;
			files = (
				7E4AC9512F268D820037CA75 /* Main.storyboard in Resources */,
				7E4AC9482F268D820037CA75 /* GameScene.sks in Resources */,
				7E4AC9532F268D850037CA75 /* Assets.xcassets in Resources */,
				7E4AC9562F268D850037CA75 /* LaunchScreen.storyboard in Resources */,
				7E4AC94A2F268D820037CA75 /* Actions.sks in Resources */,
			);
			runOnlyForDeploymentPostprocessing = 0;
		};
		7E4AC9592F268D860037CA75 /* Resources */ = {
			isa = PBXResourcesBuildPhase;
			buildActionMask = 2147483647;
			files = (
			);
			runOnlyForDeploymentPostprocessing = 0;
		};
		7E4AC9632F268D860037CA75 /* Resources */ = {
			isa = PBXResourcesBuildPhase;
			buildActionMask = 2147483647;
			files = (
			);
			runOnlyForDeploymentPostprocessing = 0;
		};
/* End PBXResourcesBuildPhase section */

/* Begin PBXSourcesBuildPhase section */
		7E4AC93E2F268D810037CA75 /* Sources */ = {
			isa = PBXSourcesBuildPhase;
			buildActionMask = 2147483647;
			files = (
				7E4AC94C2F268D820037CA75 /* GameScene.swift in Sources */,
				7E4AC94E2F268D820037CA75 /* GameViewController.swift in Sources */,
				7E4AC9792F268E000037CA75 /* PlayerSelectionViewController.swift in Sources */,
				AA2000022F2A00010037CA75 /* ScoreTableViewController.swift in Sources */,
				AA2000042F2A00010037CA75 /* ScoreTableView.swift in Sources */,
				AA3000022F2B00010037CA75 /* TricksOrderViewController.swift in Sources */,
				F20000082F5200010037CA75 /* JokerModeSelectionViewController.swift in Sources */,
				F30000012F5300010037CA75 /* BidSelectionViewController.swift in Sources */,
				7E4AC97A2F268F000037CA75 /* PlayerNode.swift in Sources */,
				7E4AC97C2F269A000037CA75 /* Card.swift in Sources */,
				7E4AC97E2F269A100037CA75 /* Deck.swift in Sources */,
				7E4AC9802F269A200037CA75 /* CardNode.swift in Sources */,
				7E4AC9822F269A300037CA75 /* CardHandNode.swift in Sources */,
				7E4AC9842F269A400037CA75 /* TrumpIndicator.swift in Sources */,
				7E4AC9862F269A500037CA75 /* TrickNode.swift in Sources */,
				7E4AC9882F269A600037CA75 /* GameState.swift in Sources */,
					F20000012F5200010037CA75 /* JokerLeadDeclaration.swift in Sources */,
					F20000022F5200010037CA75 /* JokerPlayStyle.swift in Sources */,
					F20000072F5200010037CA75 /* JokerPlayDecision.swift in Sources */,
					F20000032F5200010037CA75 /* PlayedTrickCard.swift in Sources */,
					F200000B2F5300010037CA75 /* PlayerControlType.swift in Sources */,
					7E4AC98A2F269A700037CA75 /* CardDemoScene.swift in Sources */,
					C0DE10012F5000010037CA75 /* GameSceneCoordinator.swift in Sources */,
					C0DE10042F5000010037CA75 /* GameAnimationService.swift in Sources */,
					C0DE10052F5300010037CA75 /* BotBiddingService.swift in Sources */,
					C0DE70012F5400010037CA75 /* BotTurnStrategyService.swift in Sources */,
					C0DE10022F5000010037CA75 /* GameRoundService.swift in Sources */,
				C0DE10032F5000010037CA75 /* GameTurnService.swift in Sources */,
				7E4AC9462F268D810037CA75 /* AppDelegate.swift in Sources */,
				AA0000022F2800010037CA75 /* RoundResult.swift in Sources */,
				AA0000042F2800010037CA75 /* ScoreCalculator.swift in Sources */,
				AA0000062F2800010037CA75 /* BlockResult.swift in Sources */,
					AA0000082F2800010037CA75 /* ScoreManager.swift in Sources */,
					BB0000022F2800010037CA75 /* GamePhase.swift in Sources */,
					BB0000042F2800010037CA75 /* GameBlock.swift in Sources */,
					AB1000022F4200010037CA75 /* GameBlockFormatter.swift in Sources */,
					BB0000062F2800010037CA75 /* PlayerInfo.swift in Sources */,
					BB0000082F2800010037CA75 /* GameButton.swift in Sources */,
				CC0000012F2800010037CA75 /* GameConstants.swift in Sources */,
				CC0000032F2800010037CA75 /* GameColors.swift in Sources */,
				CC0000062F2800010037CA75 /* PokerTableNode.swift in Sources */,
				EEA1B0032F3F10010037CA75 /* TurnIndicatorNode.swift in Sources */,
				F10000022F4100010037CA75 /* TrickTakingResolver.swift in Sources */,
			);
			runOnlyForDeploymentPostprocessing = 0;
		};
		7E4AC9572F268D860037CA75 /* Sources */ = {
			isa = PBXSourcesBuildPhase;
			buildActionMask = 2147483647;
			files = (
				C0DE50012F5000010037CA75 /* GameFlowIntegrationTests.swift in Sources */,
				C0DE50022F5300010037CA75 /* BotBiddingServiceTests.swift in Sources */,
				C0DE70022F5400010037CA75 /* BotTurnStrategyServiceTests.swift in Sources */,
				C0DE70032F5400010037CA75 /* AutoPlayFlowTests.swift in Sources */,
				7E4AC9602F268D860037CA75 /* JockerTests.swift in Sources */,
				DD1000022F3E00010037CA75 /* GameStateTests.swift in Sources */,
				AA00000A2F2800010037CA75 /* ScoreCalculatorTests.swift in Sources */,
				AA00000C2F2800010037CA75 /* ScoreManagerTests.swift in Sources */,
				F10000042F4100010037CA75 /* TrickTakingResolverTests.swift in Sources */,
			);
			runOnlyForDeploymentPostprocessing = 0;
		};
		7E4AC9612F268D860037CA75 /* Sources */ = {
			isa = PBXSourcesBuildPhase;
			buildActionMask = 2147483647;
			files = (
				7E4AC96C2F268D860037CA75 /* JockerUITestsLaunchTests.swift in Sources */,
				7E4AC96A2F268D860037CA75 /* JockerUITests.swift in Sources */,
			);
			runOnlyForDeploymentPostprocessing = 0;
		};
/* End PBXSourcesBuildPhase section */

/* Begin PBXTargetDependency section */
		7E4AC95D2F268D860037CA75 /* PBXTargetDependency */ = {
			isa = PBXTargetDependency;
			target = 7E4AC9412F268D810037CA75 /* Jocker */;
			targetProxy = 7E4AC95C2F268D860037CA75 /* PBXContainerItemProxy */;
		};
		7E4AC9672F268D860037CA75 /* PBXTargetDependency */ = {
			isa = PBXTargetDependency;
			target = 7E4AC9412F268D810037CA75 /* Jocker */;
			targetProxy = 7E4AC9662F268D860037CA75 /* PBXContainerItemProxy */;
		};
/* End PBXTargetDependency section */

/* Begin PBXVariantGroup section */
		7E4AC94F2F268D820037CA75 /* Main.storyboard */ = {
			isa = PBXVariantGroup;
			children = (
				7E4AC9502F268D820037CA75 /* Base */,
			);
			name = Main.storyboard;
			sourceTree = "<group>";
		};
		7E4AC9542F268D850037CA75 /* LaunchScreen.storyboard */ = {
			isa = PBXVariantGroup;
			children = (
				7E4AC9552F268D850037CA75 /* Base */,
			);
			name = LaunchScreen.storyboard;
			sourceTree = "<group>";
		};
/* End PBXVariantGroup section */

/* Begin XCBuildConfiguration section */
		7E4AC96D2F268D860037CA75 /* Debug */ = {
			isa = XCBuildConfiguration;
			buildSettings = {
				ALWAYS_SEARCH_USER_PATHS = NO;
				ASSETCATALOG_COMPILER_GENERATE_SWIFT_ASSET_SYMBOL_EXTENSIONS = YES;
				CLANG_ANALYZER_NONNULL = YES;
				CLANG_ANALYZER_NUMBER_OBJECT_CONVERSION = YES_AGGRESSIVE;
				CLANG_CXX_LANGUAGE_STANDARD = "gnu++20";
				CLANG_ENABLE_MODULES = YES;
				CLANG_ENABLE_OBJC_ARC = YES;
				CLANG_ENABLE_OBJC_WEAK = YES;
				CLANG_WARN_BLOCK_CAPTURE_AUTORELEASING = YES;
				CLANG_WARN_BOOL_CONVERSION = YES;
				CLANG_WARN_COMMA = YES;
				CLANG_WARN_CONSTANT_CONVERSION = YES;
				CLANG_WARN_DEPRECATED_OBJC_IMPLEMENTATIONS = YES;
				CLANG_WARN_DIRECT_OBJC_ISA_USAGE = YES_ERROR;
				CLANG_WARN_DOCUMENTATION_COMMENTS = YES;
				CLANG_WARN_EMPTY_BODY = YES;
				CLANG_WARN_ENUM_CONVERSION = YES;
				CLANG_WARN_INFINITE_RECURSION = YES;
				CLANG_WARN_INT_CONVERSION = YES;
				CLANG_WARN_NON_LITERAL_NULL_CONVERSION = YES;
				CLANG_WARN_OBJC_IMPLICIT_RETAIN_SELF = YES;
				CLANG_WARN_OBJC_LITERAL_CONVERSION = YES;
				CLANG_WARN_OBJC_ROOT_CLASS = YES_ERROR;
				CLANG_WARN_QUOTED_INCLUDE_IN_FRAMEWORK_HEADER = YES;
				CLANG_WARN_RANGE_LOOP_ANALYSIS = YES;
				CLANG_WARN_STRICT_PROTOTYPES = YES;
				CLANG_WARN_SUSPICIOUS_MOVE = YES;
				CLANG_WARN_UNGUARDED_AVAILABILITY = YES_AGGRESSIVE;
				CLANG_WARN_UNREACHABLE_CODE = YES;
				CLANG_WARN__DUPLICATE_METHOD_MATCH = YES;
				COPY_PHASE_STRIP = NO;
				DEBUG_INFORMATION_FORMAT = dwarf;
				ENABLE_STRICT_OBJC_MSGSEND = YES;
				ENABLE_TESTABILITY = YES;
				ENABLE_USER_SCRIPT_SANDBOXING = YES;
				GCC_C_LANGUAGE_STANDARD = gnu17;
				GCC_DYNAMIC_NO_PIC = NO;
				GCC_NO_COMMON_BLOCKS = YES;
				GCC_OPTIMIZATION_LEVEL = 0;
				GCC_PREPROCESSOR_DEFINITIONS = (
					"DEBUG=1",
					"$(inherited)",
				);
				GCC_WARN_64_TO_32_BIT_CONVERSION = YES;
				GCC_WARN_ABOUT_RETURN_TYPE = YES_ERROR;
				GCC_WARN_UNDECLARED_SELECTOR = YES;
				GCC_WARN_UNINITIALIZED_AUTOS = YES_AGGRESSIVE;
				GCC_WARN_UNUSED_FUNCTION = YES;
				GCC_WARN_UNUSED_VARIABLE = YES;
				IPHONEOS_DEPLOYMENT_TARGET = 17.2;
				LOCALIZATION_PREFERS_STRING_CATALOGS = YES;
				MTL_ENABLE_DEBUG_INFO = INCLUDE_SOURCE;
				MTL_FAST_MATH = YES;
				ONLY_ACTIVE_ARCH = YES;
				SDKROOT = iphoneos;
				SWIFT_ACTIVE_COMPILATION_CONDITIONS = "DEBUG $(inherited)";
				SWIFT_OPTIMIZATION_LEVEL = "-Onone";
			};
			name = Debug;
		};
		7E4AC96E2F268D860037CA75 /* Release */ = {
			isa = XCBuildConfiguration;
			buildSettings = {
				ALWAYS_SEARCH_USER_PATHS = NO;
				ASSETCATALOG_COMPILER_GENERATE_SWIFT_ASSET_SYMBOL_EXTENSIONS = YES;
				CLANG_ANALYZER_NONNULL = YES;
				CLANG_ANALYZER_NUMBER_OBJECT_CONVERSION = YES_AGGRESSIVE;
				CLANG_CXX_LANGUAGE_STANDARD = "gnu++20";
				CLANG_ENABLE_MODULES = YES;
				CLANG_ENABLE_OBJC_ARC = YES;
				CLANG_ENABLE_OBJC_WEAK = YES;
				CLANG_WARN_BLOCK_CAPTURE_AUTORELEASING = YES;
				CLANG_WARN_BOOL_CONVERSION = YES;
				CLANG_WARN_COMMA = YES;
				CLANG_WARN_CONSTANT_CONVERSION = YES;
				CLANG_WARN_DEPRECATED_OBJC_IMPLEMENTATIONS = YES;
				CLANG_WARN_DIRECT_OBJC_ISA_USAGE = YES_ERROR;
				CLANG_WARN_DOCUMENTATION_COMMENTS = YES;
				CLANG_WARN_EMPTY_BODY = YES;
				CLANG_WARN_ENUM_CONVERSION = YES;
				CLANG_WARN_INFINITE_RECURSION = YES;
				CLANG_WARN_INT_CONVERSION = YES;
				CLANG_WARN_NON_LITERAL_NULL_CONVERSION = YES;
				CLANG_WARN_OBJC_IMPLICIT_RETAIN_SELF = YES;
				CLANG_WARN_OBJC_LITERAL_CONVERSION = YES;
				CLANG_WARN_OBJC_ROOT_CLASS = YES_ERROR;
				CLANG_WARN_QUOTED_INCLUDE_IN_FRAMEWORK_HEADER = YES;
				CLANG_WARN_RANGE_LOOP_ANALYSIS = YES;
				CLANG_WARN_STRICT_PROTOTYPES = YES;
				CLANG_WARN_SUSPICIOUS_MOVE = YES;
				CLANG_WARN_UNGUARDED_AVAILABILITY = YES_AGGRESSIVE;
				CLANG_WARN_UNREACHABLE_CODE = YES;
				CLANG_WARN__DUPLICATE_METHOD_MATCH = YES;
				COPY_PHASE_STRIP = NO;
				DEBUG_INFORMATION_FORMAT = "dwarf-with-dsym";
				ENABLE_NS_ASSERTIONS = NO;
				ENABLE_STRICT_OBJC_MSGSEND = YES;
				ENABLE_USER_SCRIPT_SANDBOXING = YES;
				GCC_C_LANGUAGE_STANDARD = gnu17;
				GCC_NO_COMMON_BLOCKS = YES;
				GCC_WARN_64_TO_32_BIT_CONVERSION = YES;
				GCC_WARN_ABOUT_RETURN_TYPE = YES_ERROR;
				GCC_WARN_UNDECLARED_SELECTOR = YES;
				GCC_WARN_UNINITIALIZED_AUTOS = YES_AGGRESSIVE;
				GCC_WARN_UNUSED_FUNCTION = YES;
				GCC_WARN_UNUSED_VARIABLE = YES;
				IPHONEOS_DEPLOYMENT_TARGET = 17.2;
				LOCALIZATION_PREFERS_STRING_CATALOGS = YES;
				MTL_ENABLE_DEBUG_INFO = NO;
				MTL_FAST_MATH = YES;
				SDKROOT = iphoneos;
				SWIFT_COMPILATION_MODE = wholemodule;
				VALIDATE_PRODUCT = YES;
			};
			name = Release;
		};
		7E4AC9702F268D860037CA75 /* Debug */ = {
			isa = XCBuildConfiguration;
			buildSettings = {
				ASSETCATALOG_COMPILER_APPICON_NAME = AppIcon;
				ASSETCATALOG_COMPILER_GLOBAL_ACCENT_COLOR_NAME = AccentColor;
				CODE_SIGN_STYLE = Automatic;
				CURRENT_PROJECT_VERSION = 1;
				DEVELOPMENT_TEAM = 66ZBRPZ9N2;
				GENERATE_INFOPLIST_FILE = YES;
				INFOPLIST_KEY_CFBundleDisplayName = "Джокер";
				INFOPLIST_KEY_UIApplicationSupportsIndirectInputEvents = YES;
				INFOPLIST_KEY_UILaunchStoryboardName = LaunchScreen;
				INFOPLIST_KEY_UIMainStoryboardFile = Main;
				INFOPLIST_KEY_UIStatusBarHidden = YES;
				INFOPLIST_KEY_UISupportedInterfaceOrientations = "UIInterfaceOrientationLandscapeLeft UIInterfaceOrientationLandscapeRight";
				INFOPLIST_KEY_UISupportedInterfaceOrientations_iPad = "UIInterfaceOrientationLandscapeLeft UIInterfaceOrientationLandscapeRight UIInterfaceOrientationPortraitUpsideDown";
				LD_RUNPATH_SEARCH_PATHS = (
					"$(inherited)",
					"@executable_path/Frameworks",
				);
				MARKETING_VERSION = 1.0;
				PRODUCT_BUNDLE_IDENTIFIER = chaniev.Jocker;
				PRODUCT_NAME = "$(TARGET_NAME)";
				SWIFT_EMIT_LOC_STRINGS = YES;
				SWIFT_VERSION = 5.0;
				TARGETED_DEVICE_FAMILY = "1,2";
			};
			name = Debug;
		};
		7E4AC9712F268D860037CA75 /* Release */ = {
			isa = XCBuildConfiguration;
			buildSettings = {
				ASSETCATALOG_COMPILER_APPICON_NAME = AppIcon;
				ASSETCATALOG_COMPILER_GLOBAL_ACCENT_COLOR_NAME = AccentColor;
				CODE_SIGN_STYLE = Automatic;
				CURRENT_PROJECT_VERSION = 1;
				DEVELOPMENT_TEAM = 66ZBRPZ9N2;
				GENERATE_INFOPLIST_FILE = YES;
				INFOPLIST_KEY_CFBundleDisplayName = "Джокер";
				INFOPLIST_KEY_UIApplicationSupportsIndirectInputEvents = YES;
				INFOPLIST_KEY_UILaunchStoryboardName = LaunchScreen;
				INFOPLIST_KEY_UIMainStoryboardFile = Main;
				INFOPLIST_KEY_UIStatusBarHidden = YES;
				INFOPLIST_KEY_UISupportedInterfaceOrientations = "UIInterfaceOrientationLandscapeLeft UIInterfaceOrientationLandscapeRight";
				INFOPLIST_KEY_UISupportedInterfaceOrientations_iPad = "UIInterfaceOrientationLandscapeLeft UIInterfaceOrientationLandscapeRight UIInterfaceOrientationPortraitUpsideDown";
				LD_RUNPATH_SEARCH_PATHS = (
					"$(inherited)",
					"@executable_path/Frameworks",
				);
				MARKETING_VERSION = 1.0;
				PRODUCT_BUNDLE_IDENTIFIER = chaniev.Jocker;
				PRODUCT_NAME = "$(TARGET_NAME)";
				SWIFT_EMIT_LOC_STRINGS = YES;
				SWIFT_VERSION = 5.0;
				TARGETED_DEVICE_FAMILY = "1,2";
			};
			name = Release;
		};
		7E4AC9732F268D860037CA75 /* Debug */ = {
			isa = XCBuildConfiguration;
			buildSettings = {
				ALWAYS_EMBED_SWIFT_STANDARD_LIBRARIES = YES;
				BUNDLE_LOADER = "$(TEST_HOST)";
				CODE_SIGN_STYLE = Automatic;
				CURRENT_PROJECT_VERSION = 1;
				DEVELOPMENT_TEAM = 66ZBRPZ9N2;
				GENERATE_INFOPLIST_FILE = YES;
				IPHONEOS_DEPLOYMENT_TARGET = 17.2;
				MARKETING_VERSION = 1.0;
				PRODUCT_BUNDLE_IDENTIFIER = chaniev.JockerTests;
				PRODUCT_NAME = "$(TARGET_NAME)";
				SWIFT_EMIT_LOC_STRINGS = NO;
				SWIFT_VERSION = 5.0;
				TARGETED_DEVICE_FAMILY = "1,2";
				TEST_HOST = "$(BUILT_PRODUCTS_DIR)/Jocker.app/$(BUNDLE_EXECUTABLE_FOLDER_PATH)/Jocker";
			};
			name = Debug;
		};
		7E4AC9742F268D860037CA75 /* Release */ = {
			isa = XCBuildConfiguration;
			buildSettings = {
				ALWAYS_EMBED_SWIFT_STANDARD_LIBRARIES = YES;
				BUNDLE_LOADER = "$(TEST_HOST)";
				CODE_SIGN_STYLE = Automatic;
				CURRENT_PROJECT_VERSION = 1;
				DEVELOPMENT_TEAM = 66ZBRPZ9N2;
				GENERATE_INFOPLIST_FILE = YES;
				IPHONEOS_DEPLOYMENT_TARGET = 17.2;
				MARKETING_VERSION = 1.0;
				PRODUCT_BUNDLE_IDENTIFIER = chaniev.JockerTests;
				PRODUCT_NAME = "$(TARGET_NAME)";
				SWIFT_EMIT_LOC_STRINGS = NO;
				SWIFT_VERSION = 5.0;
				TARGETED_DEVICE_FAMILY = "1,2";
				TEST_HOST = "$(BUILT_PRODUCTS_DIR)/Jocker.app/$(BUNDLE_EXECUTABLE_FOLDER_PATH)/Jocker";
			};
			name = Release;
		};
		7E4AC9762F268D860037CA75 /* Debug */ = {
			isa = XCBuildConfiguration;
			buildSettings = {
				ALWAYS_EMBED_SWIFT_STANDARD_LIBRARIES = YES;
				CODE_SIGN_STYLE = Automatic;
				CURRENT_PROJECT_VERSION = 1;
				DEVELOPMENT_TEAM = 66ZBRPZ9N2;
				GENERATE_INFOPLIST_FILE = YES;
				MARKETING_VERSION = 1.0;
				PRODUCT_BUNDLE_IDENTIFIER = chaniev.JockerUITests;
				PRODUCT_NAME = "$(TARGET_NAME)";
				SWIFT_EMIT_LOC_STRINGS = NO;
				SWIFT_VERSION = 5.0;
				TARGETED_DEVICE_FAMILY = "1,2";
				TEST_TARGET_NAME = Jocker;
			};
			name = Debug;
		};
		7E4AC9772F268D860037CA75 /* Release */ = {
			isa = XCBuildConfiguration;
			buildSettings = {
				ALWAYS_EMBED_SWIFT_STANDARD_LIBRARIES = YES;
				CODE_SIGN_STYLE = Automatic;
				CURRENT_PROJECT_VERSION = 1;
				DEVELOPMENT_TEAM = 66ZBRPZ9N2;
				GENERATE_INFOPLIST_FILE = YES;
				MARKETING_VERSION = 1.0;
				PRODUCT_BUNDLE_IDENTIFIER = chaniev.JockerUITests;
				PRODUCT_NAME = "$(TARGET_NAME)";
				SWIFT_EMIT_LOC_STRINGS = NO;
				SWIFT_VERSION = 5.0;
				TARGETED_DEVICE_FAMILY = "1,2";
				TEST_TARGET_NAME = Jocker;
			};
			name = Release;
		};
/* End XCBuildConfiguration section */

/* Begin XCConfigurationList section */
		7E4AC93D2F268D810037CA75 /* Build configuration list for PBXProject "Jocker" */ = {
			isa = XCConfigurationList;
			buildConfigurations = (
				7E4AC96D2F268D860037CA75 /* Debug */,
				7E4AC96E2F268D860037CA75 /* Release */,
			);
			defaultConfigurationIsVisible = 0;
			defaultConfigurationName = Release;
		};
		7E4AC96F2F268D860037CA75 /* Build configuration list for PBXNativeTarget "Jocker" */ = {
			isa = XCConfigurationList;
			buildConfigurations = (
				7E4AC9702F268D860037CA75 /* Debug */,
				7E4AC9712F268D860037CA75 /* Release */,
			);
			defaultConfigurationIsVisible = 0;
			defaultConfigurationName = Release;
		};
		7E4AC9722F268D860037CA75 /* Build configuration list for PBXNativeTarget "JockerTests" */ = {
			isa = XCConfigurationList;
			buildConfigurations = (
				7E4AC9732F268D860037CA75 /* Debug */,
				7E4AC9742F268D860037CA75 /* Release */,
			);
			defaultConfigurationIsVisible = 0;
			defaultConfigurationName = Release;
		};
		7E4AC9752F268D860037CA75 /* Build configuration list for PBXNativeTarget "JockerUITests" */ = {
			isa = XCConfigurationList;
			buildConfigurations = (
				7E4AC9762F268D860037CA75 /* Debug */,
				7E4AC9772F268D860037CA75 /* Release */,
			);
			defaultConfigurationIsVisible = 0;
			defaultConfigurationName = Release;
		};
/* End XCConfigurationList section */
	};
	rootObject = 7E4AC93A2F268D810037CA75 /* Project object */;
}
