// !$*UTF8*$!
{
	archiveVersion = 1;
	classes = {
	};
	objectVersion = 56;
	objects = {

/* Begin PBXBuildFile section */
		7E4AC9462F268D810037CA75 /* AppDelegate.swift in Sources */ = {isa = PBXBuildFile; fileRef = 7E4AC9452F268D810037CA75 /* AppDelegate.swift */; };
		7E4AC9482F268D820037CA75 /* GameScene.sks in Resources */ = {isa = PBXBuildFile; fileRef = 7E4AC9472F268D820037CA75 /* GameScene.sks */; };
		7E4AC94A2F268D820037CA75 /* Actions.sks in Resources */ = {isa = PBXBuildFile; fileRef = 7E4AC9492F268D820037CA75 /* Actions.sks */; };
		7E4AC94C2F268D820037CA75 /* GameScene.swift in Sources */ = {isa = PBXBuildFile; fileRef = 7E4AC94B2F268D820037CA75 /* GameScene.swift */; };
		7E4AC94E2F268D820037CA75 /* GameViewController.swift in Sources */ = {isa = PBXBuildFile; fileRef = 7E4AC94D2F268D820037CA75 /* GameViewController.swift */; };
		7E4AC9512F268D820037CA75 /* Main.storyboard in Resources */ = {isa = PBXBuildFile; fileRef = 7E4AC94F2F268D820037CA75 /* Main.storyboard */; };
		7E4AC9532F268D850037CA75 /* Assets.xcassets in Resources */ = {isa = PBXBuildFile; fileRef = 7E4AC9522F268D850037CA75 /* Assets.xcassets */; };
		7E4AC9562F268D850037CA75 /* LaunchScreen.storyboard in Resources */ = {isa = PBXBuildFile; fileRef = 7E4AC9542F268D850037CA75 /* LaunchScreen.storyboard */; };
		7E4AC9602F268D860037CA75 /* JockerTests.swift in Sources */ = {isa = PBXBuildFile; fileRef = 7E4AC95F2F268D860037CA75 /* JockerTests.swift */; };
		7E4AC96A2F268D860037CA75 /* JockerUITests.swift in Sources */ = {isa = PBXBuildFile; fileRef = 7E4AC9692F268D860037CA75 /* JockerUITests.swift */; };
		7E4AC96C2F268D860037CA75 /* JockerUITestsLaunchTests.swift in Sources */ = {isa = PBXBuildFile; fileRef = 7E4AC96B2F268D860037CA75 /* JockerUITestsLaunchTests.swift */; };
		B70020022F7800020037CA75 /* GameRepeatResultsFlowUITests.swift in Sources */ = {isa = PBXBuildFile; fileRef = B70020012F7800020037CA75 /* GameRepeatResultsFlowUITests.swift */; };
		7E4AC9792F268E000037CA75 /* PlayerSelectionViewController.swift in Sources */ = {isa = PBXBuildFile; fileRef = 7E4AC9782F268E000037CA75 /* PlayerSelectionViewController.swift */; };
		B20000032F7900030037CA75 /* GameParametersViewController.swift in Sources */ = {isa = PBXBuildFile; fileRef = B20000132F7900030037CA75 /* GameParametersViewController.swift */; };
		7E4AC97A2F268F000037CA75 /* PlayerNode.swift in Sources */ = {isa = PBXBuildFile; fileRef = 7E4AC97B2F268F000037CA75 /* PlayerNode.swift */; };
		7E4AC97C2F269A000037CA75 /* Card.swift in Sources */ = {isa = PBXBuildFile; fileRef = 7E4AC97D2F269A000037CA75 /* Card.swift */; };
		7E4AC97E2F269A100037CA75 /* Deck.swift in Sources */ = {isa = PBXBuildFile; fileRef = 7E4AC97F2F269A100037CA75 /* Deck.swift */; };
		7E4AC9802F269A200037CA75 /* CardNode.swift in Sources */ = {isa = PBXBuildFile; fileRef = 7E4AC9812F269A200037CA75 /* CardNode.swift */; };
		7E4AC9822F269A300037CA75 /* CardHandNode.swift in Sources */ = {isa = PBXBuildFile; fileRef = 7E4AC9832F269A300037CA75 /* CardHandNode.swift */; };
		7E4AC9842F269A400037CA75 /* TrumpIndicator.swift in Sources */ = {isa = PBXBuildFile; fileRef = 7E4AC9852F269A400037CA75 /* TrumpIndicator.swift */; };
		7E4AC9862F269A500037CA75 /* TrickNode.swift in Sources */ = {isa = PBXBuildFile; fileRef = 7E4AC9872F269A500037CA75 /* TrickNode.swift */; };
		7E4AC9882F269A600037CA75 /* GameState.swift in Sources */ = {isa = PBXBuildFile; fileRef = 7E4AC9892F269A600037CA75 /* GameState.swift */; };
		7E4AC98A2F269A700037CA75 /* CardDemoScene.swift in Sources */ = {isa = PBXBuildFile; fileRef = 7E4AC98B2F269A700037CA75 /* CardDemoScene.swift */; };
		D4C100012F8000010037CA75 /* BiddingRules.swift in Sources */ = {isa = PBXBuildFile; fileRef = D4C100022F8000010037CA75 /* BiddingRules.swift */; };
		AA0000022F2800010037CA75 /* RoundResult.swift in Sources */ = {isa = PBXBuildFile; fileRef = AA0000012F2800010037CA75 /* RoundResult.swift */; };
		AA0000042F2800010037CA75 /* ScoreCalculator.swift in Sources */ = {isa = PBXBuildFile; fileRef = AA0000032F2800010037CA75 /* ScoreCalculator.swift */; };
		AA0000062F2800010037CA75 /* BlockResult.swift in Sources */ = {isa = PBXBuildFile; fileRef = AA0000052F2800010037CA75 /* BlockResult.swift */; };
		AA0000082F2800010037CA75 /* ScoreManager.swift in Sources */ = {isa = PBXBuildFile; fileRef = AA0000072F2800010037CA75 /* ScoreManager.swift */; };
		D4C100032F8000010037CA75 /* PremiumRules.swift in Sources */ = {isa = PBXBuildFile; fileRef = D4C100042F8000010037CA75 /* PremiumRules.swift */; };
		D4C200012F8001010037CA75 /* BiddingRulesTests.swift in Sources */ = {isa = PBXBuildFile; fileRef = D4C200022F8001010037CA75 /* BiddingRulesTests.swift */; };
		D4C200032F8001010037CA75 /* PremiumRulesTests.swift in Sources */ = {isa = PBXBuildFile; fileRef = D4C200042F8001010037CA75 /* PremiumRulesTests.swift */; };
		AA00000A2F2800010037CA75 /* ScoreCalculatorTests.swift in Sources */ = {isa = PBXBuildFile; fileRef = AA0000092F2800010037CA75 /* ScoreCalculatorTests.swift */; };
		AA00000C2F2800010037CA75 /* ScoreManagerTests.swift in Sources */ = {isa = PBXBuildFile; fileRef = AA00000B2F2800010037CA75 /* ScoreManagerTests.swift */; };
		AA2000022F2A00010037CA75 /* ScoreTableViewController.swift in Sources */ = {isa = PBXBuildFile; fileRef = AA2000012F2A00010037CA75 /* ScoreTableViewController.swift */; };
		AA2000042F2A00010037CA75 /* ScoreTableView.swift in Sources */ = {isa = PBXBuildFile; fileRef = AA2000032F2A00010037CA75 /* ScoreTableView.swift */; };
		AB1000022F4200010037CA75 /* GameBlockFormatter.swift in Sources */ = {isa = PBXBuildFile; fileRef = AB1000012F4200010037CA75 /* GameBlockFormatter.swift */; };
		B10000112F7500010037CA75 /* GameStatisticsScope.swift in Sources */ = {isa = PBXBuildFile; fileRef = B10000212F7500010037CA75 /* GameStatisticsScope.swift */; };
		B10000122F7500010037CA75 /* GameStatisticsPlayerRecord.swift in Sources */ = {isa = PBXBuildFile; fileRef = B10000222F7500010037CA75 /* GameStatisticsPlayerRecord.swift */; };
		B10000132F7500010037CA75 /* GameStatisticsSnapshot.swift in Sources */ = {isa = PBXBuildFile; fileRef = B10000232F7500010037CA75 /* GameStatisticsSnapshot.swift */; };
		B10000142F7500010037CA75 /* GameStatisticsStore.swift in Sources */ = {isa = PBXBuildFile; fileRef = B10000242F7500010037CA75 /* GameStatisticsStore.swift */; };
		B10000152F7500010037CA75 /* UserDefaultsGameStatisticsStore.swift in Sources */ = {isa = PBXBuildFile; fileRef = B10000252F7500010037CA75 /* UserDefaultsGameStatisticsStore.swift */; };
		B10000162F7500010037CA75 /* GameStatisticsViewController.swift in Sources */ = {isa = PBXBuildFile; fileRef = B10000262F7500010037CA75 /* GameStatisticsViewController.swift */; };
		B10000172F7500010037CA75 /* GameStatisticsStoreTests.swift in Sources */ = {isa = PBXBuildFile; fileRef = B10000272F7500010037CA75 /* GameStatisticsStoreTests.swift */; };
		B10000182F7500010037CA75 /* GameStatisticsTableView.swift in Sources */ = {isa = PBXBuildFile; fileRef = B10000282F7500010037CA75 /* GameStatisticsTableView.swift */; };
		B20000422F7900030037CA75 /* GameStatisticsTableViewTests.swift in Sources */ = {isa = PBXBuildFile; fileRef = B20000322F7900030037CA75 /* GameStatisticsTableViewTests.swift */; };
		BB0000022F2800010037CA75 /* GamePhase.swift in Sources */ = {isa = PBXBuildFile; fileRef = BB0000012F2800010037CA75 /* GamePhase.swift */; };
		BB0000042F2800010037CA75 /* GameBlock.swift in Sources */ = {isa = PBXBuildFile; fileRef = BB0000032F2800010037CA75 /* GameBlock.swift */; };
		BB0000062F2800010037CA75 /* PlayerInfo.swift in Sources */ = {isa = PBXBuildFile; fileRef = BB0000052F2800010037CA75 /* PlayerInfo.swift */; };
		B20000012F7900030037CA75 /* GamePlayersSettings.swift in Sources */ = {isa = PBXBuildFile; fileRef = B20000112F7900030037CA75 /* GamePlayersSettings.swift */; };
		BB0000082F2800010037CA75 /* GameButton.swift in Sources */ = {isa = PBXBuildFile; fileRef = BB0000072F2800010037CA75 /* GameButton.swift */; };
		C0DE10012F5000010037CA75 /* GameSceneCoordinator.swift in Sources */ = {isa = PBXBuildFile; fileRef = C0DE20012F5000010037CA75 /* GameSceneCoordinator.swift */; };
		C0DE10022F5000010037CA75 /* GameRoundService.swift in Sources */ = {isa = PBXBuildFile; fileRef = C0DE20022F5000010037CA75 /* GameRoundService.swift */; };
		C0DE10032F5000010037CA75 /* GameTurnService.swift in Sources */ = {isa = PBXBuildFile; fileRef = C0DE20032F5000010037CA75 /* GameTurnService.swift */; };
		C0DE10042F5000010037CA75 /* GameAnimationService.swift in Sources */ = {isa = PBXBuildFile; fileRef = C0DE20042F5000010037CA75 /* GameAnimationService.swift */; };
		B20000022F7900030037CA75 /* GamePlayersSettingsStore.swift in Sources */ = {isa = PBXBuildFile; fileRef = B20000122F7900030037CA75 /* GamePlayersSettingsStore.swift */; };
		C0DE10052F5300010037CA75 /* BotBiddingService.swift in Sources */ = {isa = PBXBuildFile; fileRef = C0DE20052F5300010037CA75 /* BotBiddingService.swift */; };
		D4C300012F8002010037CA75 /* BotTuning+SelfPlayEvolution.swift in Sources */ = {isa = PBXBuildFile; fileRef = D4C300022F8002010037CA75 /* BotTuning+SelfPlayEvolution.swift */; };
		D4C400012F8003010037CA75 /* BotSelfPlayEvolutionEngine.swift in Sources */ = {isa = PBXBuildFile; fileRef = D4C400022F8003010037CA75 /* BotSelfPlayEvolutionEngine.swift */; };
		D4C400032F8003010037CA75 /* BotSelfPlayEvolutionEngineTests.swift in Sources */ = {isa = PBXBuildFile; fileRef = D4C400042F8003010037CA75 /* BotSelfPlayEvolutionEngineTests.swift */; };
		C0DE50012F5000010037CA75 /* GameFlowIntegrationTests.swift in Sources */ = {isa = PBXBuildFile; fileRef = C0DE60012F5000010037CA75 /* GameFlowIntegrationTests.swift */; };
		B70010022F7800010037CA75 /* GameResultsPresentationIntegrationTests.swift in Sources */ = {isa = PBXBuildFile; fileRef = B70010012F7800010037CA75 /* GameResultsPresentationIntegrationTests.swift */; };
		C0DE50022F5300010037CA75 /* BotBiddingServiceTests.swift in Sources */ = {isa = PBXBuildFile; fileRef = C0DE60022F5300010037CA75 /* BotBiddingServiceTests.swift */; };
		B20000412F7900030037CA75 /* GamePlayersSettingsStoreTests.swift in Sources */ = {isa = PBXBuildFile; fileRef = B20000312F7900030037CA75 /* GamePlayersSettingsStoreTests.swift */; };
		C0DE70012F5400010037CA75 /* BotTurnStrategyService.swift in Sources */ = {isa = PBXBuildFile; fileRef = C0DE80012F5400010037CA75 /* BotTurnStrategyService.swift */; };
		C0DE70022F5400010037CA75 /* BotTurnStrategyServiceTests.swift in Sources */ = {isa = PBXBuildFile; fileRef = C0DE80022F5400010037CA75 /* BotTurnStrategyServiceTests.swift */; };
		C0DE70032F5400010037CA75 /* AutoPlayFlowTests.swift in Sources */ = {isa = PBXBuildFile; fileRef = C0DE80032F5400010037CA75 /* AutoPlayFlowTests.swift */; };
		C0DE91012F5500010037CA75 /* BotTrumpSelectionService.swift in Sources */ = {isa = PBXBuildFile; fileRef = C0DE90012F5500010037CA75 /* BotTrumpSelectionService.swift */; };
		C0DE91022F5500010037CA75 /* TrumpSelectionRules.swift in Sources */ = {isa = PBXBuildFile; fileRef = C0DE90022F5500010037CA75 /* TrumpSelectionRules.swift */; };
		C0DE91032F5500010037CA75 /* TrumpSelectionViewController.swift in Sources */ = {isa = PBXBuildFile; fileRef = C0DE90032F5500010037CA75 /* TrumpSelectionViewController.swift */; };
		C0DE91042F5500010037CA75 /* BotTrumpSelectionServiceTests.swift in Sources */ = {isa = PBXBuildFile; fileRef = C0DE90042F5500010037CA75 /* BotTrumpSelectionServiceTests.swift */; };
		CC0000012F2800010037CA75 /* GameConstants.swift in Sources */ = {isa = PBXBuildFile; fileRef = CC0000022F2800010037CA75 /* GameConstants.swift */; };
		CC0000032F2800010037CA75 /* GameColors.swift in Sources */ = {isa = PBXBuildFile; fileRef = CC0000042F2800010037CA75 /* GameColors.swift */; };
		CC0000062F2800010037CA75 /* PokerTableNode.swift in Sources */ = {isa = PBXBuildFile; fileRef = CC0000072F2800010037CA75 /* PokerTableNode.swift */; };
		D1A000022F7000010037CA75 /* GameScene+DealingFlow.swift in Sources */ = {isa = PBXBuildFile; fileRef = D1A000012F7000010037CA75 /* GameScene+DealingFlow.swift */; };
		D1A000042F7000010037CA75 /* GameScene+BiddingFlow.swift in Sources */ = {isa = PBXBuildFile; fileRef = D1A000032F7000010037CA75 /* GameScene+BiddingFlow.swift */; };
		D1A000062F7000010037CA75 /* GameScene+PlayingFlow.swift in Sources */ = {isa = PBXBuildFile; fileRef = D1A000052F7000010037CA75 /* GameScene+PlayingFlow.swift */; };
		D1A000082F7000010037CA75 /* GameScene+ModalFlow.swift in Sources */ = {isa = PBXBuildFile; fileRef = D1A000072F7000010037CA75 /* GameScene+ModalFlow.swift */; };
		D4C500012F8004010037CA75 /* GameSceneInteractionBlockers.swift in Sources */ = {isa = PBXBuildFile; fileRef = D4C500022F8004010037CA75 /* GameSceneInteractionBlockers.swift */; };
		D2B100022F7300010037CA75 /* GameScenePlayingFlowTests.swift in Sources */ = {isa = PBXBuildFile; fileRef = D2B100012F7300010037CA75 /* GameScenePlayingFlowTests.swift */; };
		D3A000012F7600010037CA75 /* Suit.swift in Sources */ = {isa = PBXBuildFile; fileRef = D3A000112F7600010037CA75 /* Suit.swift */; };
		D3A000022F7600010037CA75 /* CardColor.swift in Sources */ = {isa = PBXBuildFile; fileRef = D3A000122F7600010037CA75 /* CardColor.swift */; };
		D3A000032F7600010037CA75 /* Rank.swift in Sources */ = {isa = PBXBuildFile; fileRef = D3A000132F7600010037CA75 /* Rank.swift */; };
		DD1000022F3E00010037CA75 /* GameStateTests.swift in Sources */ = {isa = PBXBuildFile; fileRef = DD1000012F3E00010037CA75 /* GameStateTests.swift */; };
		E10000012F7400010037CA75 /* GameFinalPlayerSummary.swift in Sources */ = {isa = PBXBuildFile; fileRef = E10000022F7400010037CA75 /* GameFinalPlayerSummary.swift */; };
		E10000032F7400010037CA75 /* GameResultsViewController.swift in Sources */ = {isa = PBXBuildFile; fileRef = E10000042F7400010037CA75 /* GameResultsViewController.swift */; };
		E10000052F7400010037CA75 /* GameFinalPlayerSummaryTests.swift in Sources */ = {isa = PBXBuildFile; fileRef = E10000062F7400010037CA75 /* GameFinalPlayerSummaryTests.swift */; };
		EEA1B0032F3F10010037CA75 /* TurnIndicatorNode.swift in Sources */ = {isa = PBXBuildFile; fileRef = EEA1B0022F3F10010037CA75 /* TurnIndicatorNode.swift */; };
		F10000022F4100010037CA75 /* TrickTakingResolver.swift in Sources */ = {isa = PBXBuildFile; fileRef = F10000012F4100010037CA75 /* TrickTakingResolver.swift */; };
		F10000042F4100010037CA75 /* TrickTakingResolverTests.swift in Sources */ = {isa = PBXBuildFile; fileRef = F10000032F4100010037CA75 /* TrickTakingResolverTests.swift */; };
		F20000012F5200010037CA75 /* JokerLeadDeclaration.swift in Sources */ = {isa = PBXBuildFile; fileRef = F20000042F5200010037CA75 /* JokerLeadDeclaration.swift */; };
		F20000022F5200010037CA75 /* JokerPlayStyle.swift in Sources */ = {isa = PBXBuildFile; fileRef = F20000052F5200010037CA75 /* JokerPlayStyle.swift */; };
		F20000032F5200010037CA75 /* PlayedTrickCard.swift in Sources */ = {isa = PBXBuildFile; fileRef = F20000062F5200010037CA75 /* PlayedTrickCard.swift */; };
		F20000072F5200010037CA75 /* JokerPlayDecision.swift in Sources */ = {isa = PBXBuildFile; fileRef = F20000092F5200010037CA75 /* JokerPlayDecision.swift */; };
		F20000082F5200010037CA75 /* JokerModeSelectionViewController.swift in Sources */ = {isa = PBXBuildFile; fileRef = F200000A2F5200010037CA75 /* JokerModeSelectionViewController.swift */; };
		F200000B2F5300010037CA75 /* PlayerControlType.swift in Sources */ = {isa = PBXBuildFile; fileRef = F200000C2F5300010037CA75 /* PlayerControlType.swift */; };
		F30000012F5300010037CA75 /* BidSelectionViewController.swift in Sources */ = {isa = PBXBuildFile; fileRef = F30000022F5300010037CA75 /* BidSelectionViewController.swift */; };
		D4C600012F8005010037CA75 /* BidSelectionModalBaseViewController.swift in Sources */ = {isa = PBXBuildFile; fileRef = D4C600022F8005010037CA75 /* BidSelectionModalBaseViewController.swift */; };
		D4C600032F8005010037CA75 /* PreDealBlindSelectionViewController.swift in Sources */ = {isa = PBXBuildFile; fileRef = D4C600042F8005010037CA75 /* PreDealBlindSelectionViewController.swift */; };
		F40000012F5600010037CA75 /* BotDifficulty.swift in Sources */ = {isa = PBXBuildFile; fileRef = F40000032F5600010037CA75 /* BotDifficulty.swift */; };
		F40000022F5600010037CA75 /* BotTuning.swift in Sources */ = {isa = PBXBuildFile; fileRef = F40000042F5600010037CA75 /* BotTuning.swift */; };
		F40000072F5600010037CA75 /* BotTuningTests.swift in Sources */ = {isa = PBXBuildFile; fileRef = F40000082F5600010037CA75 /* BotTuningTests.swift */; };
		A90001012F7700010037CA75 /* DealHistory.swift in Sources */ = {isa = PBXBuildFile; fileRef = A90000112F7700010037CA75 /* DealHistory.swift */; };
		A90001022F7700010037CA75 /* DealHistoryKey.swift in Sources */ = {isa = PBXBuildFile; fileRef = A90000122F7700010037CA75 /* DealHistoryKey.swift */; };
		A90001032F7700010037CA75 /* DealTrickMove.swift in Sources */ = {isa = PBXBuildFile; fileRef = A90000132F7700010037CA75 /* DealTrickMove.swift */; };
		A90001042F7700010037CA75 /* DealTrickHistory.swift in Sources */ = {isa = PBXBuildFile; fileRef = A90000142F7700010037CA75 /* DealTrickHistory.swift */; };
		A90001052F7700010037CA75 /* DealHistoryStore.swift in Sources */ = {isa = PBXBuildFile; fileRef = A90000152F7700010037CA75 /* DealHistoryStore.swift */; };
		A90001062F7700010037CA75 /* DealHistoryViewController.swift in Sources */ = {isa = PBXBuildFile; fileRef = A90000162F7700010037CA75 /* DealHistoryViewController.swift */; };
		A90001072F7700010037CA75 /* DealHistoryStoreTests.swift in Sources */ = {isa = PBXBuildFile; fileRef = A90000172F7700010037CA75 /* DealHistoryStoreTests.swift */; };
		A90001082F7700010037CA75 /* DealTrainingMoveSample.swift in Sources */ = {isa = PBXBuildFile; fileRef = A90000182F7700010037CA75 /* DealTrainingMoveSample.swift */; };
		A90001092F7700010037CA75 /* DealHistoryExportService.swift in Sources */ = {isa = PBXBuildFile; fileRef = A90000192F7700010037CA75 /* DealHistoryExportService.swift */; };
		A900010A2F7700010037CA75 /* DealHistoryExportServiceTests.swift in Sources */ = {isa = PBXBuildFile; fileRef = A900001A2F7700010037CA75 /* DealHistoryExportServiceTests.swift */; };
/* End PBXBuildFile section */

/* Begin PBXContainerItemProxy section */
		7E4AC95C2F268D860037CA75 /* PBXContainerItemProxy */ = {
			isa = PBXContainerItemProxy;
			containerPortal = 7E4AC93A2F268D810037CA75 /* Project object */;
			proxyType = 1;
			remoteGlobalIDString = 7E4AC9412F268D810037CA75;
			remoteInfo = Jocker;
		};
		7E4AC9662F268D860037CA75 /* PBXContainerItemProxy */ = {
			isa = PBXContainerItemProxy;
			containerPortal = 7E4AC93A2F268D810037CA75 /* Project object */;
			proxyType = 1;
			remoteGlobalIDString = 7E4AC9412F268D810037CA75;
			remoteInfo = Jocker;
		};
/* End PBXContainerItemProxy section */

/* Begin PBXFileReference section */
		7E4AC9422F268D810037CA75 /* Jocker.app */ = {isa = PBXFileReference; explicitFileType = wrapper.application; includeInIndex = 0; path = Jocker.app; sourceTree = BUILT_PRODUCTS_DIR; };
		7E4AC9452F268D810037CA75 /* AppDelegate.swift */ = {isa = PBXFileReference; lastKnownFileType = sourcecode.swift; path = AppDelegate.swift; sourceTree = "<group>"; };
		7E4AC9472F268D820037CA75 /* GameScene.sks */ = {isa = PBXFileReference; lastKnownFileType = file.sks; path = GameScene.sks; sourceTree = "<group>"; };
		7E4AC9492F268D820037CA75 /* Actions.sks */ = {isa = PBXFileReference; lastKnownFileType = file.sks; path = Actions.sks; sourceTree = "<group>"; };
		7E4AC94B2F268D820037CA75 /* GameScene.swift */ = {isa = PBXFileReference; lastKnownFileType = sourcecode.swift; path = GameScene.swift; sourceTree = "<group>"; };
		7E4AC94D2F268D820037CA75 /* GameViewController.swift */ = {isa = PBXFileReference; lastKnownFileType = sourcecode.swift; path = GameViewController.swift; sourceTree = "<group>"; };
		7E4AC9502F268D820037CA75 /* Base */ = {isa = PBXFileReference; lastKnownFileType = file.storyboard; name = Base; path = Base.lproj/Main.storyboard; sourceTree = "<group>"; };
		7E4AC9522F268D850037CA75 /* Assets.xcassets */ = {isa = PBXFileReference; lastKnownFileType = folder.assetcatalog; path = Assets.xcassets; sourceTree = "<group>"; };
		7E4AC9552F268D850037CA75 /* Base */ = {isa = PBXFileReference; lastKnownFileType = file.storyboard; name = Base; path = Base.lproj/LaunchScreen.storyboard; sourceTree = "<group>"; };
		7E4AC95B2F268D860037CA75 /* JockerTests.xctest */ = {isa = PBXFileReference; explicitFileType = wrapper.cfbundle; includeInIndex = 0; path = JockerTests.xctest; sourceTree = BUILT_PRODUCTS_DIR; };
		7E4AC95F2F268D860037CA75 /* JockerTests.swift */ = {isa = PBXFileReference; lastKnownFileType = sourcecode.swift; path = JockerTests.swift; sourceTree = "<group>"; };
		7E4AC9652F268D860037CA75 /* JockerUITests.xctest */ = {isa = PBXFileReference; explicitFileType = wrapper.cfbundle; includeInIndex = 0; path = JockerUITests.xctest; sourceTree = BUILT_PRODUCTS_DIR; };
		7E4AC9692F268D860037CA75 /* JockerUITests.swift */ = {isa = PBXFileReference; lastKnownFileType = sourcecode.swift; path = JockerUITests.swift; sourceTree = "<group>"; };
		7E4AC96B2F268D860037CA75 /* JockerUITestsLaunchTests.swift */ = {isa = PBXFileReference; lastKnownFileType = sourcecode.swift; path = JockerUITestsLaunchTests.swift; sourceTree = "<group>"; };
		B70020012F7800020037CA75 /* GameRepeatResultsFlowUITests.swift */ = {isa = PBXFileReference; lastKnownFileType = sourcecode.swift; path = GameRepeatResultsFlowUITests.swift; sourceTree = "<group>"; };
		7E4AC9782F268E000037CA75 /* PlayerSelectionViewController.swift */ = {isa = PBXFileReference; lastKnownFileType = sourcecode.swift; path = PlayerSelectionViewController.swift; sourceTree = "<group>"; };
		B20000132F7900030037CA75 /* GameParametersViewController.swift */ = {isa = PBXFileReference; lastKnownFileType = sourcecode.swift; path = GameParametersViewController.swift; sourceTree = "<group>"; };
		7E4AC97B2F268F000037CA75 /* PlayerNode.swift */ = {isa = PBXFileReference; lastKnownFileType = sourcecode.swift; path = PlayerNode.swift; sourceTree = "<group>"; };
		7E4AC97D2F269A000037CA75 /* Card.swift */ = {isa = PBXFileReference; lastKnownFileType = sourcecode.swift; path = Card.swift; sourceTree = "<group>"; };
		7E4AC97F2F269A100037CA75 /* Deck.swift */ = {isa = PBXFileReference; lastKnownFileType = sourcecode.swift; path = Deck.swift; sourceTree = "<group>"; };
		7E4AC9812F269A200037CA75 /* CardNode.swift */ = {isa = PBXFileReference; lastKnownFileType = sourcecode.swift; path = CardNode.swift; sourceTree = "<group>"; };
		7E4AC9832F269A300037CA75 /* CardHandNode.swift */ = {isa = PBXFileReference; lastKnownFileType = sourcecode.swift; path = CardHandNode.swift; sourceTree = "<group>"; };
		7E4AC9852F269A400037CA75 /* TrumpIndicator.swift */ = {isa = PBXFileReference; lastKnownFileType = sourcecode.swift; path = TrumpIndicator.swift; sourceTree = "<group>"; };
		7E4AC9872F269A500037CA75 /* TrickNode.swift */ = {isa = PBXFileReference; lastKnownFileType = sourcecode.swift; path = TrickNode.swift; sourceTree = "<group>"; };
		7E4AC9892F269A600037CA75 /* GameState.swift */ = {isa = PBXFileReference; lastKnownFileType = sourcecode.swift; path = GameState.swift; sourceTree = "<group>"; };
		7E4AC98B2F269A700037CA75 /* CardDemoScene.swift */ = {isa = PBXFileReference; lastKnownFileType = sourcecode.swift; path = CardDemoScene.swift; sourceTree = "<group>"; };
		D4C100022F8000010037CA75 /* BiddingRules.swift */ = {isa = PBXFileReference; lastKnownFileType = sourcecode.swift; path = BiddingRules.swift; sourceTree = "<group>"; };
		AA0000012F2800010037CA75 /* RoundResult.swift */ = {isa = PBXFileReference; lastKnownFileType = sourcecode.swift; path = RoundResult.swift; sourceTree = "<group>"; };
		AA0000032F2800010037CA75 /* ScoreCalculator.swift */ = {isa = PBXFileReference; lastKnownFileType = sourcecode.swift; path = ScoreCalculator.swift; sourceTree = "<group>"; };
		AA0000052F2800010037CA75 /* BlockResult.swift */ = {isa = PBXFileReference; lastKnownFileType = sourcecode.swift; path = BlockResult.swift; sourceTree = "<group>"; };
		AA0000072F2800010037CA75 /* ScoreManager.swift */ = {isa = PBXFileReference; lastKnownFileType = sourcecode.swift; path = ScoreManager.swift; sourceTree = "<group>"; };
		D4C100042F8000010037CA75 /* PremiumRules.swift */ = {isa = PBXFileReference; lastKnownFileType = sourcecode.swift; path = PremiumRules.swift; sourceTree = "<group>"; };
		D4C200022F8001010037CA75 /* BiddingRulesTests.swift */ = {isa = PBXFileReference; lastKnownFileType = sourcecode.swift; path = BiddingRulesTests.swift; sourceTree = "<group>"; };
		D4C200042F8001010037CA75 /* PremiumRulesTests.swift */ = {isa = PBXFileReference; lastKnownFileType = sourcecode.swift; path = PremiumRulesTests.swift; sourceTree = "<group>"; };
		AA0000092F2800010037CA75 /* ScoreCalculatorTests.swift */ = {isa = PBXFileReference; lastKnownFileType = sourcecode.swift; path = ScoreCalculatorTests.swift; sourceTree = "<group>"; };
		AA00000B2F2800010037CA75 /* ScoreManagerTests.swift */ = {isa = PBXFileReference; lastKnownFileType = sourcecode.swift; path = ScoreManagerTests.swift; sourceTree = "<group>"; };
		AA2000012F2A00010037CA75 /* ScoreTableViewController.swift */ = {isa = PBXFileReference; lastKnownFileType = sourcecode.swift; path = ScoreTableViewController.swift; sourceTree = "<group>"; };
		AA2000032F2A00010037CA75 /* ScoreTableView.swift */ = {isa = PBXFileReference; lastKnownFileType = sourcecode.swift; path = ScoreTableView.swift; sourceTree = "<group>"; };
		AB1000012F4200010037CA75 /* GameBlockFormatter.swift */ = {isa = PBXFileReference; lastKnownFileType = sourcecode.swift; path = GameBlockFormatter.swift; sourceTree = "<group>"; };
		B10000212F7500010037CA75 /* GameStatisticsScope.swift */ = {isa = PBXFileReference; lastKnownFileType = sourcecode.swift; path = GameStatisticsScope.swift; sourceTree = "<group>"; };
		B10000222F7500010037CA75 /* GameStatisticsPlayerRecord.swift */ = {isa = PBXFileReference; lastKnownFileType = sourcecode.swift; path = GameStatisticsPlayerRecord.swift; sourceTree = "<group>"; };
		B10000232F7500010037CA75 /* GameStatisticsSnapshot.swift */ = {isa = PBXFileReference; lastKnownFileType = sourcecode.swift; path = GameStatisticsSnapshot.swift; sourceTree = "<group>"; };
		B10000242F7500010037CA75 /* GameStatisticsStore.swift */ = {isa = PBXFileReference; lastKnownFileType = sourcecode.swift; path = GameStatisticsStore.swift; sourceTree = "<group>"; };
		B10000252F7500010037CA75 /* UserDefaultsGameStatisticsStore.swift */ = {isa = PBXFileReference; lastKnownFileType = sourcecode.swift; path = UserDefaultsGameStatisticsStore.swift; sourceTree = "<group>"; };
		B10000262F7500010037CA75 /* GameStatisticsViewController.swift */ = {isa = PBXFileReference; lastKnownFileType = sourcecode.swift; path = GameStatisticsViewController.swift; sourceTree = "<group>"; };
		B10000272F7500010037CA75 /* GameStatisticsStoreTests.swift */ = {isa = PBXFileReference; lastKnownFileType = sourcecode.swift; path = GameStatisticsStoreTests.swift; sourceTree = "<group>"; };
		B10000282F7500010037CA75 /* GameStatisticsTableView.swift */ = {isa = PBXFileReference; lastKnownFileType = sourcecode.swift; path = GameStatisticsTableView.swift; sourceTree = "<group>"; };
		B20000322F7900030037CA75 /* GameStatisticsTableViewTests.swift */ = {isa = PBXFileReference; lastKnownFileType = sourcecode.swift; path = GameStatisticsTableViewTests.swift; sourceTree = "<group>"; };
		BB0000012F2800010037CA75 /* GamePhase.swift */ = {isa = PBXFileReference; lastKnownFileType = sourcecode.swift; path = GamePhase.swift; sourceTree = "<group>"; };
		BB0000032F2800010037CA75 /* GameBlock.swift */ = {isa = PBXFileReference; lastKnownFileType = sourcecode.swift; path = GameBlock.swift; sourceTree = "<group>"; };
		BB0000052F2800010037CA75 /* PlayerInfo.swift */ = {isa = PBXFileReference; lastKnownFileType = sourcecode.swift; path = PlayerInfo.swift; sourceTree = "<group>"; };
		B20000112F7900030037CA75 /* GamePlayersSettings.swift */ = {isa = PBXFileReference; lastKnownFileType = sourcecode.swift; path = GamePlayersSettings.swift; sourceTree = "<group>"; };
		BB0000072F2800010037CA75 /* GameButton.swift */ = {isa = PBXFileReference; lastKnownFileType = sourcecode.swift; path = GameButton.swift; sourceTree = "<group>"; };
		C0DE20012F5000010037CA75 /* GameSceneCoordinator.swift */ = {isa = PBXFileReference; lastKnownFileType = sourcecode.swift; path = GameSceneCoordinator.swift; sourceTree = "<group>"; };
		C0DE20022F5000010037CA75 /* GameRoundService.swift */ = {isa = PBXFileReference; lastKnownFileType = sourcecode.swift; path = GameRoundService.swift; sourceTree = "<group>"; };
		C0DE20032F5000010037CA75 /* GameTurnService.swift */ = {isa = PBXFileReference; lastKnownFileType = sourcecode.swift; path = GameTurnService.swift; sourceTree = "<group>"; };
		C0DE20042F5000010037CA75 /* GameAnimationService.swift */ = {isa = PBXFileReference; lastKnownFileType = sourcecode.swift; path = GameAnimationService.swift; sourceTree = "<group>"; };
		B20000122F7900030037CA75 /* GamePlayersSettingsStore.swift */ = {isa = PBXFileReference; lastKnownFileType = sourcecode.swift; path = GamePlayersSettingsStore.swift; sourceTree = "<group>"; };
		C0DE20052F5300010037CA75 /* BotBiddingService.swift */ = {isa = PBXFileReference; lastKnownFileType = sourcecode.swift; path = BotBiddingService.swift; sourceTree = "<group>"; };
		D4C300022F8002010037CA75 /* BotTuning+SelfPlayEvolution.swift */ = {isa = PBXFileReference; lastKnownFileType = sourcecode.swift; path = "BotTuning+SelfPlayEvolution.swift"; sourceTree = "<group>"; };
		D4C400022F8003010037CA75 /* BotSelfPlayEvolutionEngine.swift */ = {isa = PBXFileReference; lastKnownFileType = sourcecode.swift; path = BotSelfPlayEvolutionEngine.swift; sourceTree = "<group>"; };
		D4C400042F8003010037CA75 /* BotSelfPlayEvolutionEngineTests.swift */ = {isa = PBXFileReference; lastKnownFileType = sourcecode.swift; path = BotSelfPlayEvolutionEngineTests.swift; sourceTree = "<group>"; };
		C0DE60012F5000010037CA75 /* GameFlowIntegrationTests.swift */ = {isa = PBXFileReference; lastKnownFileType = sourcecode.swift; path = GameFlowIntegrationTests.swift; sourceTree = "<group>"; };
		B70010012F7800010037CA75 /* GameResultsPresentationIntegrationTests.swift */ = {isa = PBXFileReference; lastKnownFileType = sourcecode.swift; path = GameResultsPresentationIntegrationTests.swift; sourceTree = "<group>"; };
		C0DE60022F5300010037CA75 /* BotBiddingServiceTests.swift */ = {isa = PBXFileReference; lastKnownFileType = sourcecode.swift; path = BotBiddingServiceTests.swift; sourceTree = "<group>"; };
		B20000312F7900030037CA75 /* GamePlayersSettingsStoreTests.swift */ = {isa = PBXFileReference; lastKnownFileType = sourcecode.swift; path = GamePlayersSettingsStoreTests.swift; sourceTree = "<group>"; };
		C0DE80012F5400010037CA75 /* BotTurnStrategyService.swift */ = {isa = PBXFileReference; lastKnownFileType = sourcecode.swift; path = BotTurnStrategyService.swift; sourceTree = "<group>"; };
		C0DE80022F5400010037CA75 /* BotTurnStrategyServiceTests.swift */ = {isa = PBXFileReference; lastKnownFileType = sourcecode.swift; path = BotTurnStrategyServiceTests.swift; sourceTree = "<group>"; };
		C0DE80032F5400010037CA75 /* AutoPlayFlowTests.swift */ = {isa = PBXFileReference; lastKnownFileType = sourcecode.swift; path = AutoPlayFlowTests.swift; sourceTree = "<group>"; };
		C0DE90012F5500010037CA75 /* BotTrumpSelectionService.swift */ = {isa = PBXFileReference; lastKnownFileType = sourcecode.swift; path = BotTrumpSelectionService.swift; sourceTree = "<group>"; };
		C0DE90022F5500010037CA75 /* TrumpSelectionRules.swift */ = {isa = PBXFileReference; lastKnownFileType = sourcecode.swift; path = TrumpSelectionRules.swift; sourceTree = "<group>"; };
		C0DE90032F5500010037CA75 /* TrumpSelectionViewController.swift */ = {isa = PBXFileReference; lastKnownFileType = sourcecode.swift; path = TrumpSelectionViewController.swift; sourceTree = "<group>"; };
		C0DE90042F5500010037CA75 /* BotTrumpSelectionServiceTests.swift */ = {isa = PBXFileReference; lastKnownFileType = sourcecode.swift; path = BotTrumpSelectionServiceTests.swift; sourceTree = "<group>"; };
		CC0000022F2800010037CA75 /* GameConstants.swift */ = {isa = PBXFileReference; lastKnownFileType = sourcecode.swift; path = GameConstants.swift; sourceTree = "<group>"; };
		CC0000042F2800010037CA75 /* GameColors.swift */ = {isa = PBXFileReference; lastKnownFileType = sourcecode.swift; path = GameColors.swift; sourceTree = "<group>"; };
		CC0000072F2800010037CA75 /* PokerTableNode.swift */ = {isa = PBXFileReference; lastKnownFileType = sourcecode.swift; path = PokerTableNode.swift; sourceTree = "<group>"; };
		D1A000012F7000010037CA75 /* GameScene+DealingFlow.swift */ = {isa = PBXFileReference; lastKnownFileType = sourcecode.swift; path = "GameScene+DealingFlow.swift"; sourceTree = "<group>"; };
		D1A000032F7000010037CA75 /* GameScene+BiddingFlow.swift */ = {isa = PBXFileReference; lastKnownFileType = sourcecode.swift; path = "GameScene+BiddingFlow.swift"; sourceTree = "<group>"; };
		D1A000052F7000010037CA75 /* GameScene+PlayingFlow.swift */ = {isa = PBXFileReference; lastKnownFileType = sourcecode.swift; path = "GameScene+PlayingFlow.swift"; sourceTree = "<group>"; };
		D1A000072F7000010037CA75 /* GameScene+ModalFlow.swift */ = {isa = PBXFileReference; lastKnownFileType = sourcecode.swift; path = "GameScene+ModalFlow.swift"; sourceTree = "<group>"; };
		D4C500022F8004010037CA75 /* GameSceneInteractionBlockers.swift */ = {isa = PBXFileReference; lastKnownFileType = sourcecode.swift; path = GameSceneInteractionBlockers.swift; sourceTree = "<group>"; };
		D2B100012F7300010037CA75 /* GameScenePlayingFlowTests.swift */ = {isa = PBXFileReference; lastKnownFileType = sourcecode.swift; path = GameScenePlayingFlowTests.swift; sourceTree = "<group>"; };
		D3A000112F7600010037CA75 /* Suit.swift */ = {isa = PBXFileReference; lastKnownFileType = sourcecode.swift; path = Suit.swift; sourceTree = "<group>"; };
		D3A000122F7600010037CA75 /* CardColor.swift */ = {isa = PBXFileReference; lastKnownFileType = sourcecode.swift; path = CardColor.swift; sourceTree = "<group>"; };
		D3A000132F7600010037CA75 /* Rank.swift */ = {isa = PBXFileReference; lastKnownFileType = sourcecode.swift; path = Rank.swift; sourceTree = "<group>"; };
		DD1000012F3E00010037CA75 /* GameStateTests.swift */ = {isa = PBXFileReference; lastKnownFileType = sourcecode.swift; path = GameStateTests.swift; sourceTree = "<group>"; };
		E10000022F7400010037CA75 /* GameFinalPlayerSummary.swift */ = {isa = PBXFileReference; lastKnownFileType = sourcecode.swift; path = GameFinalPlayerSummary.swift; sourceTree = "<group>"; };
		E10000042F7400010037CA75 /* GameResultsViewController.swift */ = {isa = PBXFileReference; lastKnownFileType = sourcecode.swift; path = GameResultsViewController.swift; sourceTree = "<group>"; };
		E10000062F7400010037CA75 /* GameFinalPlayerSummaryTests.swift */ = {isa = PBXFileReference; lastKnownFileType = sourcecode.swift; path = GameFinalPlayerSummaryTests.swift; sourceTree = "<group>"; };
		EEA1B0022F3F10010037CA75 /* TurnIndicatorNode.swift */ = {isa = PBXFileReference; lastKnownFileType = sourcecode.swift; path = TurnIndicatorNode.swift; sourceTree = "<group>"; };
		F10000012F4100010037CA75 /* TrickTakingResolver.swift */ = {isa = PBXFileReference; lastKnownFileType = sourcecode.swift; path = TrickTakingResolver.swift; sourceTree = "<group>"; };
		F10000032F4100010037CA75 /* TrickTakingResolverTests.swift */ = {isa = PBXFileReference; lastKnownFileType = sourcecode.swift; path = TrickTakingResolverTests.swift; sourceTree = "<group>"; };
		F20000042F5200010037CA75 /* JokerLeadDeclaration.swift */ = {isa = PBXFileReference; lastKnownFileType = sourcecode.swift; path = JokerLeadDeclaration.swift; sourceTree = "<group>"; };
		F20000052F5200010037CA75 /* JokerPlayStyle.swift */ = {isa = PBXFileReference; lastKnownFileType = sourcecode.swift; path = JokerPlayStyle.swift; sourceTree = "<group>"; };
		F20000062F5200010037CA75 /* PlayedTrickCard.swift */ = {isa = PBXFileReference; lastKnownFileType = sourcecode.swift; path = PlayedTrickCard.swift; sourceTree = "<group>"; };
		F20000092F5200010037CA75 /* JokerPlayDecision.swift */ = {isa = PBXFileReference; lastKnownFileType = sourcecode.swift; path = JokerPlayDecision.swift; sourceTree = "<group>"; };
		F200000A2F5200010037CA75 /* JokerModeSelectionViewController.swift */ = {isa = PBXFileReference; lastKnownFileType = sourcecode.swift; path = JokerModeSelectionViewController.swift; sourceTree = "<group>"; };
		F200000C2F5300010037CA75 /* PlayerControlType.swift */ = {isa = PBXFileReference; lastKnownFileType = sourcecode.swift; path = PlayerControlType.swift; sourceTree = "<group>"; };
		F30000022F5300010037CA75 /* BidSelectionViewController.swift */ = {isa = PBXFileReference; lastKnownFileType = sourcecode.swift; path = BidSelectionViewController.swift; sourceTree = "<group>"; };
		D4C600022F8005010037CA75 /* BidSelectionModalBaseViewController.swift */ = {isa = PBXFileReference; lastKnownFileType = sourcecode.swift; path = BidSelectionModalBaseViewController.swift; sourceTree = "<group>"; };
		D4C600042F8005010037CA75 /* PreDealBlindSelectionViewController.swift */ = {isa = PBXFileReference; lastKnownFileType = sourcecode.swift; path = PreDealBlindSelectionViewController.swift; sourceTree = "<group>"; };
		F40000032F5600010037CA75 /* BotDifficulty.swift */ = {isa = PBXFileReference; lastKnownFileType = sourcecode.swift; path = BotDifficulty.swift; sourceTree = "<group>"; };
		F40000042F5600010037CA75 /* BotTuning.swift */ = {isa = PBXFileReference; lastKnownFileType = sourcecode.swift; path = BotTuning.swift; sourceTree = "<group>"; };
		F40000082F5600010037CA75 /* BotTuningTests.swift */ = {isa = PBXFileReference; lastKnownFileType = sourcecode.swift; path = BotTuningTests.swift; sourceTree = "<group>"; };
		A90000112F7700010037CA75 /* DealHistory.swift */ = {isa = PBXFileReference; lastKnownFileType = sourcecode.swift; path = DealHistory.swift; sourceTree = "<group>"; };
		A90000122F7700010037CA75 /* DealHistoryKey.swift */ = {isa = PBXFileReference; lastKnownFileType = sourcecode.swift; path = DealHistoryKey.swift; sourceTree = "<group>"; };
		A90000132F7700010037CA75 /* DealTrickMove.swift */ = {isa = PBXFileReference; lastKnownFileType = sourcecode.swift; path = DealTrickMove.swift; sourceTree = "<group>"; };
		A90000142F7700010037CA75 /* DealTrickHistory.swift */ = {isa = PBXFileReference; lastKnownFileType = sourcecode.swift; path = DealTrickHistory.swift; sourceTree = "<group>"; };
		A90000152F7700010037CA75 /* DealHistoryStore.swift */ = {isa = PBXFileReference; lastKnownFileType = sourcecode.swift; path = DealHistoryStore.swift; sourceTree = "<group>"; };
		A90000162F7700010037CA75 /* DealHistoryViewController.swift */ = {isa = PBXFileReference; lastKnownFileType = sourcecode.swift; path = DealHistoryViewController.swift; sourceTree = "<group>"; };
		A90000172F7700010037CA75 /* DealHistoryStoreTests.swift */ = {isa = PBXFileReference; lastKnownFileType = sourcecode.swift; path = DealHistoryStoreTests.swift; sourceTree = "<group>"; };
		A90000182F7700010037CA75 /* DealTrainingMoveSample.swift */ = {isa = PBXFileReference; lastKnownFileType = sourcecode.swift; path = DealTrainingMoveSample.swift; sourceTree = "<group>"; };
		A90000192F7700010037CA75 /* DealHistoryExportService.swift */ = {isa = PBXFileReference; lastKnownFileType = sourcecode.swift; path = DealHistoryExportService.swift; sourceTree = "<group>"; };
		A900001A2F7700010037CA75 /* DealHistoryExportServiceTests.swift */ = {isa = PBXFileReference; lastKnownFileType = sourcecode.swift; path = DealHistoryExportServiceTests.swift; sourceTree = "<group>"; };
/* End PBXFileReference section */

/* Begin PBXFrameworksBuildPhase section */
		7E4AC93F2F268D810037CA75 /* Frameworks */ = {
			isa = PBXFrameworksBuildPhase;
			buildActionMask = 2147483647;
			files = (
			);
			runOnlyForDeploymentPostprocessing = 0;
		};
		7E4AC9582F268D860037CA75 /* Frameworks */ = {
			isa = PBXFrameworksBuildPhase;
			buildActionMask = 2147483647;
			files = (
			);
			runOnlyForDeploymentPostprocessing = 0;
		};
		7E4AC9622F268D860037CA75 /* Frameworks */ = {
			isa = PBXFrameworksBuildPhase;
			buildActionMask = 2147483647;
			files = (
			);
			runOnlyForDeploymentPostprocessing = 0;
		};
/* End PBXFrameworksBuildPhase section */

/* Begin PBXGroup section */
		7E4AC9392F268D810037CA75 = {
			isa = PBXGroup;
			children = (
				7E4AC9442F268D810037CA75 /* Jocker */,
				7E4AC95E2F268D860037CA75 /* JockerTests */,
				7E4AC9682F268D860037CA75 /* JockerUITests */,
				7E4AC9432F268D810037CA75 /* Products */,
			);
			sourceTree = "<group>";
		};
		7E4AC9432F268D810037CA75 /* Products */ = {
			isa = PBXGroup;
			children = (
				7E4AC9422F268D810037CA75 /* Jocker.app */,
				7E4AC95B2F268D860037CA75 /* JockerTests.xctest */,
				7E4AC9652F268D860037CA75 /* JockerUITests.xctest */,
			);
			name = Products;
			sourceTree = "<group>";
		};
		7E4AC9442F268D810037CA75 /* Jocker */ = {
			isa = PBXGroup;
			children = (
				AA1000012F2800020037CA75 /* App */,
				CC0000052F2800010037CA75 /* Core */,
				AA1000022F2800020037CA75 /* Models */,
				AA1000032F2800020037CA75 /* Game */,
				AA1000062F2800020037CA75 /* Scoring */,
				AA1000072F2800020037CA75 /* ViewControllers */,
				AA1000082F2800030037CA75 /* Resources */,
				7E4AC94F2F268D820037CA75 /* Main.storyboard */,
				7E4AC9522F268D850037CA75 /* Assets.xcassets */,
				7E4AC9542F268D850037CA75 /* LaunchScreen.storyboard */,
			);
			path = Jocker;
			sourceTree = "<group>";
		};
		7E4AC95E2F268D860037CA75 /* JockerTests */ = {
			isa = PBXGroup;
			children = (
				A91040012F7900010037CA75 /* Bot */,
				A91040022F7900010037CA75 /* Flow */,
				A91040032F7900010037CA75 /* History */,
				B20000512F7900030037CA75 /* Players */,
				A91040042F7900010037CA75 /* Results */,
				A91040052F7900010037CA75 /* Rules */,
				A91040062F7900010037CA75 /* Scoring */,
				A91040072F7900010037CA75 /* Statistics */,
				7E4AC95F2F268D860037CA75 /* JockerTests.swift */,
			);
			path = JockerTests;
			sourceTree = "<group>";
		};
		7E4AC9682F268D860037CA75 /* JockerUITests */ = {
			isa = PBXGroup;
			children = (
				B70020012F7800020037CA75 /* GameRepeatResultsFlowUITests.swift */,
				7E4AC9692F268D860037CA75 /* JockerUITests.swift */,
				7E4AC96B2F268D860037CA75 /* JockerUITestsLaunchTests.swift */,
			);
			path = JockerUITests;
			sourceTree = "<group>";
		};
		AA1000012F2800020037CA75 /* App */ = {
			isa = PBXGroup;
			children = (
				7E4AC9452F268D810037CA75 /* AppDelegate.swift */,
			);
			path = App;
			sourceTree = "<group>";
		};
		AA1000022F2800020037CA75 /* Models */ = {
			isa = PBXGroup;
			children = (
				A91010012F7900010037CA75 /* Bot */,
				A91010022F7900010037CA75 /* Cards */,
				A91010032F7900010037CA75 /* Gameplay */,
				A91010042F7900010037CA75 /* History */,
				A91010052F7900010037CA75 /* Joker */,
				A91010062F7900010037CA75 /* Players */,
				A91010072F7900010037CA75 /* Statistics */,
			);
			path = Models;
			sourceTree = "<group>";
		};
		AA1000032F2800020037CA75 /* Game */ = {
			isa = PBXGroup;
			children = (
				AA1000042F2800020037CA75 /* Scenes */,
				AA1000052F2800020037CA75 /* Nodes */,
				C0DE30012F5000010037CA75 /* Coordinator */,
				C0DE30022F5000010037CA75 /* Services */,
			);
			path = Game;
			sourceTree = "<group>";
		};
		AA1000042F2800020037CA75 /* Scenes */ = {
			isa = PBXGroup;
			children = (
				7E4AC94B2F268D820037CA75 /* GameScene.swift */,
				D4C500022F8004010037CA75 /* GameSceneInteractionBlockers.swift */,
				D1A000012F7000010037CA75 /* GameScene+DealingFlow.swift */,
				D1A000032F7000010037CA75 /* GameScene+BiddingFlow.swift */,
				D1A000052F7000010037CA75 /* GameScene+PlayingFlow.swift */,
				D1A000072F7000010037CA75 /* GameScene+ModalFlow.swift */,
				7E4AC98B2F269A700037CA75 /* CardDemoScene.swift */,
			);
			path = Scenes;
			sourceTree = "<group>";
		};
		AA1000052F2800020037CA75 /* Nodes */ = {
			isa = PBXGroup;
			children = (
				7E4AC9812F269A200037CA75 /* CardNode.swift */,
				7E4AC9832F269A300037CA75 /* CardHandNode.swift */,
				BB0000072F2800010037CA75 /* GameButton.swift */,
				7E4AC97B2F268F000037CA75 /* PlayerNode.swift */,
				CC0000072F2800010037CA75 /* PokerTableNode.swift */,
				EEA1B0022F3F10010037CA75 /* TurnIndicatorNode.swift */,
				7E4AC9872F269A500037CA75 /* TrickNode.swift */,
				7E4AC9852F269A400037CA75 /* TrumpIndicator.swift */,
			);
			path = Nodes;
			sourceTree = "<group>";
		};
		AA1000062F2800020037CA75 /* Scoring */ = {
			isa = PBXGroup;
			children = (
				AA0000032F2800010037CA75 /* ScoreCalculator.swift */,
				D4C100042F8000010037CA75 /* PremiumRules.swift */,
				AA0000072F2800010037CA75 /* ScoreManager.swift */,
			);
			path = Scoring;
			sourceTree = "<group>";
		};
		AA1000072F2800020037CA75 /* ViewControllers */ = {
			isa = PBXGroup;
			children = (
				A91020012F7900010037CA75 /* Bidding */,
				A91020022F7900010037CA75 /* GameFlow */,
				A91020032F7900010037CA75 /* Results */,
				A91020042F7900010037CA75 /* Statistics */,
			);
			path = ViewControllers;
			sourceTree = "<group>";
		};
		AA1000082F2800030037CA75 /* Resources */ = {
			isa = PBXGroup;
			children = (
				7E4AC9492F268D820037CA75 /* Actions.sks */,
				7E4AC9472F268D820037CA75 /* GameScene.sks */,
			);
			path = Resources;
			sourceTree = "<group>";
		};
		C0DE30012F5000010037CA75 /* Coordinator */ = {
			isa = PBXGroup;
			children = (
				C0DE20012F5000010037CA75 /* GameSceneCoordinator.swift */,
			);
			path = Coordinator;
			sourceTree = "<group>";
		};
		C0DE30022F5000010037CA75 /* Services */ = {
			isa = PBXGroup;
			children = (
				A91030012F7900010037CA75 /* AI */,
				A91030022F7900010037CA75 /* Flow */,
				A91030032F7900010037CA75 /* History */,
				B20000212F7900030037CA75 /* Settings */,
				A91030042F7900010037CA75 /* Statistics */,
			);
			path = Services;
			sourceTree = "<group>";
		};
		A91010012F7900010037CA75 /* Bot */ = {
			isa = PBXGroup;
			children = (
				F40000032F5600010037CA75 /* BotDifficulty.swift */,
				F40000042F5600010037CA75 /* BotTuning.swift */,
			);
			path = Bot;
			sourceTree = "<group>";
		};
		A91010022F7900010037CA75 /* Cards */ = {
			isa = PBXGroup;
			children = (
				7E4AC97D2F269A000037CA75 /* Card.swift */,
				D3A000122F7600010037CA75 /* CardColor.swift */,
				7E4AC97F2F269A100037CA75 /* Deck.swift */,
				D3A000132F7600010037CA75 /* Rank.swift */,
				D3A000112F7600010037CA75 /* Suit.swift */,
			);
			path = Cards;
			sourceTree = "<group>";
		};
		A91010032F7900010037CA75 /* Gameplay */ = {
			isa = PBXGroup;
			children = (
				AA0000052F2800010037CA75 /* BlockResult.swift */,
				D4C100022F8000010037CA75 /* BiddingRules.swift */,
				BB0000032F2800010037CA75 /* GameBlock.swift */,
				AB1000012F4200010037CA75 /* GameBlockFormatter.swift */,
				CC0000022F2800010037CA75 /* GameConstants.swift */,
				BB0000012F2800010037CA75 /* GamePhase.swift */,
				7E4AC9892F269A600037CA75 /* GameState.swift */,
				AA0000012F2800010037CA75 /* RoundResult.swift */,
				F10000012F4100010037CA75 /* TrickTakingResolver.swift */,
				C0DE90022F5500010037CA75 /* TrumpSelectionRules.swift */,
			);
			path = Gameplay;
			sourceTree = "<group>";
		};
		A91010042F7900010037CA75 /* History */ = {
			isa = PBXGroup;
			children = (
				A90000112F7700010037CA75 /* DealHistory.swift */,
				A90000122F7700010037CA75 /* DealHistoryKey.swift */,
				A90000182F7700010037CA75 /* DealTrainingMoveSample.swift */,
				A90000142F7700010037CA75 /* DealTrickHistory.swift */,
				A90000132F7700010037CA75 /* DealTrickMove.swift */,
			);
			path = History;
			sourceTree = "<group>";
		};
		A91010052F7900010037CA75 /* Joker */ = {
			isa = PBXGroup;
			children = (
				F20000042F5200010037CA75 /* JokerLeadDeclaration.swift */,
				F20000092F5200010037CA75 /* JokerPlayDecision.swift */,
				F20000052F5200010037CA75 /* JokerPlayStyle.swift */,
				F20000062F5200010037CA75 /* PlayedTrickCard.swift */,
			);
			path = Joker;
			sourceTree = "<group>";
		};
		A91010062F7900010037CA75 /* Players */ = {
			isa = PBXGroup;
			children = (
				B20000112F7900030037CA75 /* GamePlayersSettings.swift */,
				F200000C2F5300010037CA75 /* PlayerControlType.swift */,
				BB0000052F2800010037CA75 /* PlayerInfo.swift */,
			);
			path = Players;
			sourceTree = "<group>";
		};
		A91010072F7900010037CA75 /* Statistics */ = {
			isa = PBXGroup;
			children = (
				E10000022F7400010037CA75 /* GameFinalPlayerSummary.swift */,
				B10000222F7500010037CA75 /* GameStatisticsPlayerRecord.swift */,
				B10000212F7500010037CA75 /* GameStatisticsScope.swift */,
				B10000232F7500010037CA75 /* GameStatisticsSnapshot.swift */,
			);
			path = Statistics;
			sourceTree = "<group>";
		};
		A91020012F7900010037CA75 /* Bidding */ = {
			isa = PBXGroup;
			children = (
				F30000022F5300010037CA75 /* BidSelectionViewController.swift */,
				D4C600022F8005010037CA75 /* BidSelectionModalBaseViewController.swift */,
				F200000A2F5200010037CA75 /* JokerModeSelectionViewController.swift */,
				D4C600042F8005010037CA75 /* PreDealBlindSelectionViewController.swift */,
				C0DE90032F5500010037CA75 /* TrumpSelectionViewController.swift */,
			);
			path = Bidding;
			sourceTree = "<group>";
		};
		A91020022F7900010037CA75 /* GameFlow */ = {
			isa = PBXGroup;
			children = (
				B20000132F7900030037CA75 /* GameParametersViewController.swift */,
				7E4AC94D2F268D820037CA75 /* GameViewController.swift */,
				7E4AC9782F268E000037CA75 /* PlayerSelectionViewController.swift */,
			);
			path = GameFlow;
			sourceTree = "<group>";
		};
		A91020032F7900010037CA75 /* Results */ = {
			isa = PBXGroup;
			children = (
				A90000162F7700010037CA75 /* DealHistoryViewController.swift */,
				E10000042F7400010037CA75 /* GameResultsViewController.swift */,
				AA2000032F2A00010037CA75 /* ScoreTableView.swift */,
				AA2000012F2A00010037CA75 /* ScoreTableViewController.swift */,
			);
			path = Results;
			sourceTree = "<group>";
		};
		A91020042F7900010037CA75 /* Statistics */ = {
			isa = PBXGroup;
			children = (
				B10000282F7500010037CA75 /* GameStatisticsTableView.swift */,
				B10000262F7500010037CA75 /* GameStatisticsViewController.swift */,
			);
			path = Statistics;
			sourceTree = "<group>";
		};
		A91030012F7900010037CA75 /* AI */ = {
			isa = PBXGroup;
			children = (
				C0DE20052F5300010037CA75 /* BotBiddingService.swift */,
				D4C400022F8003010037CA75 /* BotSelfPlayEvolutionEngine.swift */,
				D4C300022F8002010037CA75 /* BotTuning+SelfPlayEvolution.swift */,
				C0DE90012F5500010037CA75 /* BotTrumpSelectionService.swift */,
				C0DE80012F5400010037CA75 /* BotTurnStrategyService.swift */,
			);
			path = AI;
			sourceTree = "<group>";
		};
		A91030022F7900010037CA75 /* Flow */ = {
			isa = PBXGroup;
			children = (
				C0DE20042F5000010037CA75 /* GameAnimationService.swift */,
				C0DE20022F5000010037CA75 /* GameRoundService.swift */,
				C0DE20032F5000010037CA75 /* GameTurnService.swift */,
			);
			path = Flow;
			sourceTree = "<group>";
		};
		A91030032F7900010037CA75 /* History */ = {
			isa = PBXGroup;
			children = (
				A90000192F7700010037CA75 /* DealHistoryExportService.swift */,
				A90000152F7700010037CA75 /* DealHistoryStore.swift */,
			);
			path = History;
			sourceTree = "<group>";
		};
		B20000212F7900030037CA75 /* Settings */ = {
			isa = PBXGroup;
			children = (
				B20000122F7900030037CA75 /* GamePlayersSettingsStore.swift */,
			);
			path = Settings;
			sourceTree = "<group>";
		};
		A91030042F7900010037CA75 /* Statistics */ = {
			isa = PBXGroup;
			children = (
				B10000242F7500010037CA75 /* GameStatisticsStore.swift */,
				B10000252F7500010037CA75 /* UserDefaultsGameStatisticsStore.swift */,
			);
			path = Statistics;
			sourceTree = "<group>";
		};
		A91040012F7900010037CA75 /* Bot */ = {
			isa = PBXGroup;
			children = (
				C0DE60022F5300010037CA75 /* BotBiddingServiceTests.swift */,
				D4C400042F8003010037CA75 /* BotSelfPlayEvolutionEngineTests.swift */,
				C0DE90042F5500010037CA75 /* BotTrumpSelectionServiceTests.swift */,
				F40000082F5600010037CA75 /* BotTuningTests.swift */,
				C0DE80022F5400010037CA75 /* BotTurnStrategyServiceTests.swift */,
			);
			path = Bot;
			sourceTree = "<group>";
		};
		A91040022F7900010037CA75 /* Flow */ = {
			isa = PBXGroup;
			children = (
				C0DE80032F5400010037CA75 /* AutoPlayFlowTests.swift */,
				C0DE60012F5000010037CA75 /* GameFlowIntegrationTests.swift */,
				D2B100012F7300010037CA75 /* GameScenePlayingFlowTests.swift */,
				DD1000012F3E00010037CA75 /* GameStateTests.swift */,
			);
			path = Flow;
			sourceTree = "<group>";
		};
		A91040032F7900010037CA75 /* History */ = {
			isa = PBXGroup;
			children = (
				A900001A2F7700010037CA75 /* DealHistoryExportServiceTests.swift */,
				A90000172F7700010037CA75 /* DealHistoryStoreTests.swift */,
			);
			path = History;
			sourceTree = "<group>";
		};
		B20000512F7900030037CA75 /* Players */ = {
			isa = PBXGroup;
			children = (
				B20000312F7900030037CA75 /* GamePlayersSettingsStoreTests.swift */,
			);
			path = Players;
			sourceTree = "<group>";
		};
		A91040042F7900010037CA75 /* Results */ = {
			isa = PBXGroup;
			children = (
				B70010012F7800010037CA75 /* GameResultsPresentationIntegrationTests.swift */,
			);
			path = Results;
			sourceTree = "<group>";
		};
		A91040052F7900010037CA75 /* Rules */ = {
			isa = PBXGroup;
			children = (
				D4C200022F8001010037CA75 /* BiddingRulesTests.swift */,
				F10000032F4100010037CA75 /* TrickTakingResolverTests.swift */,
			);
			path = Rules;
			sourceTree = "<group>";
		};
		A91040062F7900010037CA75 /* Scoring */ = {
			isa = PBXGroup;
			children = (
				D4C200042F8001010037CA75 /* PremiumRulesTests.swift */,
				AA0000092F2800010037CA75 /* ScoreCalculatorTests.swift */,
				AA00000B2F2800010037CA75 /* ScoreManagerTests.swift */,
			);
			path = Scoring;
			sourceTree = "<group>";
		};
		A91040072F7900010037CA75 /* Statistics */ = {
			isa = PBXGroup;
			children = (
				E10000062F7400010037CA75 /* GameFinalPlayerSummaryTests.swift */,
				B20000322F7900030037CA75 /* GameStatisticsTableViewTests.swift */,
				B10000272F7500010037CA75 /* GameStatisticsStoreTests.swift */,
			);
			path = Statistics;
			sourceTree = "<group>";
		};
		CC0000052F2800010037CA75 /* Core */ = {
			isa = PBXGroup;
			children = (
				CC0000042F2800010037CA75 /* GameColors.swift */,
			);
			path = Core;
			sourceTree = "<group>";
		};
/* End PBXGroup section */

/* Begin PBXNativeTarget section */
		7E4AC9412F268D810037CA75 /* Jocker */ = {
			isa = PBXNativeTarget;
			buildConfigurationList = 7E4AC96F2F268D860037CA75 /* Build configuration list for PBXNativeTarget "Jocker" */;
			buildPhases = (
				7E4AC93E2F268D810037CA75 /* Sources */,
				7E4AC93F2F268D810037CA75 /* Frameworks */,
				7E4AC9402F268D810037CA75 /* Resources */,
			);
			buildRules = (
			);
			dependencies = (
			);
			name = Jocker;
			productName = Jocker;
			productReference = 7E4AC9422F268D810037CA75 /* Jocker.app */;
			productType = "com.apple.product-type.application";
		};
		7E4AC95A2F268D860037CA75 /* JockerTests */ = {
			isa = PBXNativeTarget;
			buildConfigurationList = 7E4AC9722F268D860037CA75 /* Build configuration list for PBXNativeTarget "JockerTests" */;
			buildPhases = (
				7E4AC9572F268D860037CA75 /* Sources */,
				7E4AC9582F268D860037CA75 /* Frameworks */,
				7E4AC9592F268D860037CA75 /* Resources */,
			);
			buildRules = (
			);
			dependencies = (
				7E4AC95D2F268D860037CA75 /* PBXTargetDependency */,
			);
			name = JockerTests;
			productName = JockerTests;
			productReference = 7E4AC95B2F268D860037CA75 /* JockerTests.xctest */;
			productType = "com.apple.product-type.bundle.unit-test";
		};
		7E4AC9642F268D860037CA75 /* JockerUITests */ = {
			isa = PBXNativeTarget;
			buildConfigurationList = 7E4AC9752F268D860037CA75 /* Build configuration list for PBXNativeTarget "JockerUITests" */;
			buildPhases = (
				7E4AC9612F268D860037CA75 /* Sources */,
				7E4AC9622F268D860037CA75 /* Frameworks */,
				7E4AC9632F268D860037CA75 /* Resources */,
			);
			buildRules = (
			);
			dependencies = (
				7E4AC9672F268D860037CA75 /* PBXTargetDependency */,
			);
			name = JockerUITests;
			productName = JockerUITests;
			productReference = 7E4AC9652F268D860037CA75 /* JockerUITests.xctest */;
			productType = "com.apple.product-type.bundle.ui-testing";
		};
/* End PBXNativeTarget section */

/* Begin PBXProject section */
		7E4AC93A2F268D810037CA75 /* Project object */ = {
			isa = PBXProject;
			attributes = {
				BuildIndependentTargetsInParallel = 1;
				LastSwiftUpdateCheck = 1520;
				LastUpgradeCheck = 1520;
				TargetAttributes = {
					7E4AC9412F268D810037CA75 = {
						CreatedOnToolsVersion = 15.2;
					};
					7E4AC95A2F268D860037CA75 = {
						CreatedOnToolsVersion = 15.2;
						TestTargetID = 7E4AC9412F268D810037CA75;
					};
					7E4AC9642F268D860037CA75 = {
						CreatedOnToolsVersion = 15.2;
						TestTargetID = 7E4AC9412F268D810037CA75;
					};
				};
			};
			buildConfigurationList = 7E4AC93D2F268D810037CA75 /* Build configuration list for PBXProject "Jocker" */;
			compatibilityVersion = "Xcode 14.0";
			developmentRegion = en;
			hasScannedForEncodings = 0;
			knownRegions = (
				en,
				Base,
			);
			mainGroup = 7E4AC9392F268D810037CA75;
			productRefGroup = 7E4AC9432F268D810037CA75 /* Products */;
			projectDirPath = "";
			projectRoot = "";
			targets = (
				7E4AC9412F268D810037CA75 /* Jocker */,
				7E4AC95A2F268D860037CA75 /* JockerTests */,
				7E4AC9642F268D860037CA75 /* JockerUITests */,
			);
		};
/* End PBXProject section */

/* Begin PBXResourcesBuildPhase section */
		7E4AC9402F268D810037CA75 /* Resources */ = {
			isa = PBXResourcesBuildPhase;
			buildActionMask = 2147483647;
			files = (
				7E4AC9512F268D820037CA75 /* Main.storyboard in Resources */,
				7E4AC9482F268D820037CA75 /* GameScene.sks in Resources */,
				7E4AC9532F268D850037CA75 /* Assets.xcassets in Resources */,
				7E4AC9562F268D850037CA75 /* LaunchScreen.storyboard in Resources */,
				7E4AC94A2F268D820037CA75 /* Actions.sks in Resources */,
			);
			runOnlyForDeploymentPostprocessing = 0;
		};
		7E4AC9592F268D860037CA75 /* Resources */ = {
			isa = PBXResourcesBuildPhase;
			buildActionMask = 2147483647;
			files = (
			);
			runOnlyForDeploymentPostprocessing = 0;
		};
		7E4AC9632F268D860037CA75 /* Resources */ = {
			isa = PBXResourcesBuildPhase;
			buildActionMask = 2147483647;
			files = (
			);
			runOnlyForDeploymentPostprocessing = 0;
		};
/* End PBXResourcesBuildPhase section */

/* Begin PBXSourcesBuildPhase section */
		7E4AC93E2F268D810037CA75 /* Sources */ = {
			isa = PBXSourcesBuildPhase;
			buildActionMask = 2147483647;
			files = (
				7E4AC94C2F268D820037CA75 /* GameScene.swift in Sources */,
				D4C500012F8004010037CA75 /* GameSceneInteractionBlockers.swift in Sources */,
				D1A000022F7000010037CA75 /* GameScene+DealingFlow.swift in Sources */,
				D1A000042F7000010037CA75 /* GameScene+BiddingFlow.swift in Sources */,
				D1A000062F7000010037CA75 /* GameScene+PlayingFlow.swift in Sources */,
				D1A000082F7000010037CA75 /* GameScene+ModalFlow.swift in Sources */,
					7E4AC94E2F268D820037CA75 /* GameViewController.swift in Sources */,
					B20000032F7900030037CA75 /* GameParametersViewController.swift in Sources */,
				E10000032F7400010037CA75 /* GameResultsViewController.swift in Sources */,
				B10000162F7500010037CA75 /* GameStatisticsViewController.swift in Sources */,
				B10000182F7500010037CA75 /* GameStatisticsTableView.swift in Sources */,
				7E4AC9792F268E000037CA75 /* PlayerSelectionViewController.swift in Sources */,
				AA2000022F2A00010037CA75 /* ScoreTableViewController.swift in Sources */,
				AA2000042F2A00010037CA75 /* ScoreTableView.swift in Sources */,
				D4C600012F8005010037CA75 /* BidSelectionModalBaseViewController.swift in Sources */,
				F20000082F5200010037CA75 /* JokerModeSelectionViewController.swift in Sources */,
				F30000012F5300010037CA75 /* BidSelectionViewController.swift in Sources */,
				D4C600032F8005010037CA75 /* PreDealBlindSelectionViewController.swift in Sources */,
				C0DE91032F5500010037CA75 /* TrumpSelectionViewController.swift in Sources */,
				A90001062F7700010037CA75 /* DealHistoryViewController.swift in Sources */,
				7E4AC97A2F268F000037CA75 /* PlayerNode.swift in Sources */,
				7E4AC97C2F269A000037CA75 /* Card.swift in Sources */,
				D3A000012F7600010037CA75 /* Suit.swift in Sources */,
				D3A000022F7600010037CA75 /* CardColor.swift in Sources */,
				D3A000032F7600010037CA75 /* Rank.swift in Sources */,
				7E4AC97E2F269A100037CA75 /* Deck.swift in Sources */,
				7E4AC9802F269A200037CA75 /* CardNode.swift in Sources */,
				7E4AC9822F269A300037CA75 /* CardHandNode.swift in Sources */,
				7E4AC9842F269A400037CA75 /* TrumpIndicator.swift in Sources */,
				7E4AC9862F269A500037CA75 /* TrickNode.swift in Sources */,
				7E4AC9882F269A600037CA75 /* GameState.swift in Sources */,
				D4C100012F8000010037CA75 /* BiddingRules.swift in Sources */,
				F20000012F5200010037CA75 /* JokerLeadDeclaration.swift in Sources */,
				F20000022F5200010037CA75 /* JokerPlayStyle.swift in Sources */,
				F20000072F5200010037CA75 /* JokerPlayDecision.swift in Sources */,
				F20000032F5200010037CA75 /* PlayedTrickCard.swift in Sources */,
				F200000B2F5300010037CA75 /* PlayerControlType.swift in Sources */,
				F40000012F5600010037CA75 /* BotDifficulty.swift in Sources */,
				F40000022F5600010037CA75 /* BotTuning.swift in Sources */,
				C0DE91022F5500010037CA75 /* TrumpSelectionRules.swift in Sources */,
				7E4AC98A2F269A700037CA75 /* CardDemoScene.swift in Sources */,
				C0DE10012F5000010037CA75 /* GameSceneCoordinator.swift in Sources */,
				C0DE10042F5000010037CA75 /* GameAnimationService.swift in Sources */,
				C0DE10052F5300010037CA75 /* BotBiddingService.swift in Sources */,
				D4C400012F8003010037CA75 /* BotSelfPlayEvolutionEngine.swift in Sources */,
				D4C300012F8002010037CA75 /* BotTuning+SelfPlayEvolution.swift in Sources */,
				C0DE91012F5500010037CA75 /* BotTrumpSelectionService.swift in Sources */,
				C0DE70012F5400010037CA75 /* BotTurnStrategyService.swift in Sources */,
				B10000142F7500010037CA75 /* GameStatisticsStore.swift in Sources */,
					C0DE10022F5000010037CA75 /* GameRoundService.swift in Sources */,
					C0DE10032F5000010037CA75 /* GameTurnService.swift in Sources */,
					B20000022F7900030037CA75 /* GamePlayersSettingsStore.swift in Sources */,
				A90001052F7700010037CA75 /* DealHistoryStore.swift in Sources */,
				A90001092F7700010037CA75 /* DealHistoryExportService.swift in Sources */,
				B10000152F7500010037CA75 /* UserDefaultsGameStatisticsStore.swift in Sources */,
				7E4AC9462F268D810037CA75 /* AppDelegate.swift in Sources */,
				AA0000022F2800010037CA75 /* RoundResult.swift in Sources */,
				A90001012F7700010037CA75 /* DealHistory.swift in Sources */,
				A90001022F7700010037CA75 /* DealHistoryKey.swift in Sources */,
				A90001042F7700010037CA75 /* DealTrickHistory.swift in Sources */,
				A90001032F7700010037CA75 /* DealTrickMove.swift in Sources */,
				A90001082F7700010037CA75 /* DealTrainingMoveSample.swift in Sources */,
				AA0000042F2800010037CA75 /* ScoreCalculator.swift in Sources */,
				D4C100032F8000010037CA75 /* PremiumRules.swift in Sources */,
				AA0000062F2800010037CA75 /* BlockResult.swift in Sources */,
				AA0000082F2800010037CA75 /* ScoreManager.swift in Sources */,
				BB0000022F2800010037CA75 /* GamePhase.swift in Sources */,
				BB0000042F2800010037CA75 /* GameBlock.swift in Sources */,
				AB1000022F4200010037CA75 /* GameBlockFormatter.swift in Sources */,
					BB0000062F2800010037CA75 /* PlayerInfo.swift in Sources */,
					B20000012F7900030037CA75 /* GamePlayersSettings.swift in Sources */,
				BB0000082F2800010037CA75 /* GameButton.swift in Sources */,
				CC0000012F2800010037CA75 /* GameConstants.swift in Sources */,
				E10000012F7400010037CA75 /* GameFinalPlayerSummary.swift in Sources */,
				B10000122F7500010037CA75 /* GameStatisticsPlayerRecord.swift in Sources */,
				B10000132F7500010037CA75 /* GameStatisticsSnapshot.swift in Sources */,
				B10000112F7500010037CA75 /* GameStatisticsScope.swift in Sources */,
				CC0000032F2800010037CA75 /* GameColors.swift in Sources */,
				CC0000062F2800010037CA75 /* PokerTableNode.swift in Sources */,
				EEA1B0032F3F10010037CA75 /* TurnIndicatorNode.swift in Sources */,
				F10000022F4100010037CA75 /* TrickTakingResolver.swift in Sources */,
			);
			runOnlyForDeploymentPostprocessing = 0;
		};
		7E4AC9572F268D860037CA75 /* Sources */ = {
			isa = PBXSourcesBuildPhase;
			buildActionMask = 2147483647;
			files = (
				C0DE50012F5000010037CA75 /* GameFlowIntegrationTests.swift in Sources */,
				B70010022F7800010037CA75 /* GameResultsPresentationIntegrationTests.swift in Sources */,
				D2B100022F7300010037CA75 /* GameScenePlayingFlowTests.swift in Sources */,
				E10000052F7400010037CA75 /* GameFinalPlayerSummaryTests.swift in Sources */,
				B20000422F7900030037CA75 /* GameStatisticsTableViewTests.swift in Sources */,
				B10000172F7500010037CA75 /* GameStatisticsStoreTests.swift in Sources */,
				B20000412F7900030037CA75 /* GamePlayersSettingsStoreTests.swift in Sources */,
				C0DE50022F5300010037CA75 /* BotBiddingServiceTests.swift in Sources */,
				D4C400032F8003010037CA75 /* BotSelfPlayEvolutionEngineTests.swift in Sources */,
				C0DE70022F5400010037CA75 /* BotTurnStrategyServiceTests.swift in Sources */,
				C0DE70032F5400010037CA75 /* AutoPlayFlowTests.swift in Sources */,
				C0DE91042F5500010037CA75 /* BotTrumpSelectionServiceTests.swift in Sources */,
				F40000072F5600010037CA75 /* BotTuningTests.swift in Sources */,
				A90001072F7700010037CA75 /* DealHistoryStoreTests.swift in Sources */,
				A900010A2F7700010037CA75 /* DealHistoryExportServiceTests.swift in Sources */,
				7E4AC9602F268D860037CA75 /* JockerTests.swift in Sources */,
				DD1000022F3E00010037CA75 /* GameStateTests.swift in Sources */,
				AA00000A2F2800010037CA75 /* ScoreCalculatorTests.swift in Sources */,
				AA00000C2F2800010037CA75 /* ScoreManagerTests.swift in Sources */,
				D4C200032F8001010037CA75 /* PremiumRulesTests.swift in Sources */,
				D4C200012F8001010037CA75 /* BiddingRulesTests.swift in Sources */,
				F10000042F4100010037CA75 /* TrickTakingResolverTests.swift in Sources */,
			);
			runOnlyForDeploymentPostprocessing = 0;
		};
		7E4AC9612F268D860037CA75 /* Sources */ = {
			isa = PBXSourcesBuildPhase;
			buildActionMask = 2147483647;
			files = (
				B70020022F7800020037CA75 /* GameRepeatResultsFlowUITests.swift in Sources */,
				7E4AC96C2F268D860037CA75 /* JockerUITestsLaunchTests.swift in Sources */,
				7E4AC96A2F268D860037CA75 /* JockerUITests.swift in Sources */,
			);
			runOnlyForDeploymentPostprocessing = 0;
		};
/* End PBXSourcesBuildPhase section */

/* Begin PBXTargetDependency section */
		7E4AC95D2F268D860037CA75 /* PBXTargetDependency */ = {
			isa = PBXTargetDependency;
			target = 7E4AC9412F268D810037CA75 /* Jocker */;
			targetProxy = 7E4AC95C2F268D860037CA75 /* PBXContainerItemProxy */;
		};
		7E4AC9672F268D860037CA75 /* PBXTargetDependency */ = {
			isa = PBXTargetDependency;
			target = 7E4AC9412F268D810037CA75 /* Jocker */;
			targetProxy = 7E4AC9662F268D860037CA75 /* PBXContainerItemProxy */;
		};
/* End PBXTargetDependency section */

/* Begin PBXVariantGroup section */
		7E4AC94F2F268D820037CA75 /* Main.storyboard */ = {
			isa = PBXVariantGroup;
			children = (
				7E4AC9502F268D820037CA75 /* Base */,
			);
			name = Main.storyboard;
			sourceTree = "<group>";
		};
		7E4AC9542F268D850037CA75 /* LaunchScreen.storyboard */ = {
			isa = PBXVariantGroup;
			children = (
				7E4AC9552F268D850037CA75 /* Base */,
			);
			name = LaunchScreen.storyboard;
			sourceTree = "<group>";
		};
/* End PBXVariantGroup section */

/* Begin XCBuildConfiguration section */
		7E4AC96D2F268D860037CA75 /* Debug */ = {
			isa = XCBuildConfiguration;
			buildSettings = {
				ALWAYS_SEARCH_USER_PATHS = NO;
				ASSETCATALOG_COMPILER_GENERATE_SWIFT_ASSET_SYMBOL_EXTENSIONS = YES;
				CLANG_ANALYZER_NONNULL = YES;
				CLANG_ANALYZER_NUMBER_OBJECT_CONVERSION = YES_AGGRESSIVE;
				CLANG_CXX_LANGUAGE_STANDARD = "gnu++20";
				CLANG_ENABLE_MODULES = YES;
				CLANG_ENABLE_OBJC_ARC = YES;
				CLANG_ENABLE_OBJC_WEAK = YES;
				CLANG_WARN_BLOCK_CAPTURE_AUTORELEASING = YES;
				CLANG_WARN_BOOL_CONVERSION = YES;
				CLANG_WARN_COMMA = YES;
				CLANG_WARN_CONSTANT_CONVERSION = YES;
				CLANG_WARN_DEPRECATED_OBJC_IMPLEMENTATIONS = YES;
				CLANG_WARN_DIRECT_OBJC_ISA_USAGE = YES_ERROR;
				CLANG_WARN_DOCUMENTATION_COMMENTS = YES;
				CLANG_WARN_EMPTY_BODY = YES;
				CLANG_WARN_ENUM_CONVERSION = YES;
				CLANG_WARN_INFINITE_RECURSION = YES;
				CLANG_WARN_INT_CONVERSION = YES;
				CLANG_WARN_NON_LITERAL_NULL_CONVERSION = YES;
				CLANG_WARN_OBJC_IMPLICIT_RETAIN_SELF = YES;
				CLANG_WARN_OBJC_LITERAL_CONVERSION = YES;
				CLANG_WARN_OBJC_ROOT_CLASS = YES_ERROR;
				CLANG_WARN_QUOTED_INCLUDE_IN_FRAMEWORK_HEADER = YES;
				CLANG_WARN_RANGE_LOOP_ANALYSIS = YES;
				CLANG_WARN_STRICT_PROTOTYPES = YES;
				CLANG_WARN_SUSPICIOUS_MOVE = YES;
				CLANG_WARN_UNGUARDED_AVAILABILITY = YES_AGGRESSIVE;
				CLANG_WARN_UNREACHABLE_CODE = YES;
				CLANG_WARN__DUPLICATE_METHOD_MATCH = YES;
				COPY_PHASE_STRIP = NO;
				DEBUG_INFORMATION_FORMAT = dwarf;
				ENABLE_STRICT_OBJC_MSGSEND = YES;
				ENABLE_TESTABILITY = YES;
				ENABLE_USER_SCRIPT_SANDBOXING = YES;
				GCC_C_LANGUAGE_STANDARD = gnu17;
				GCC_DYNAMIC_NO_PIC = NO;
				GCC_NO_COMMON_BLOCKS = YES;
				GCC_OPTIMIZATION_LEVEL = 0;
				GCC_PREPROCESSOR_DEFINITIONS = (
					"DEBUG=1",
					"$(inherited)",
				);
				GCC_WARN_64_TO_32_BIT_CONVERSION = YES;
				GCC_WARN_ABOUT_RETURN_TYPE = YES_ERROR;
				GCC_WARN_UNDECLARED_SELECTOR = YES;
				GCC_WARN_UNINITIALIZED_AUTOS = YES_AGGRESSIVE;
				GCC_WARN_UNUSED_FUNCTION = YES;
				GCC_WARN_UNUSED_VARIABLE = YES;
				IPHONEOS_DEPLOYMENT_TARGET = 17.2;
				LOCALIZATION_PREFERS_STRING_CATALOGS = YES;
				MTL_ENABLE_DEBUG_INFO = INCLUDE_SOURCE;
				MTL_FAST_MATH = YES;
				ONLY_ACTIVE_ARCH = YES;
				SDKROOT = iphoneos;
				SWIFT_ACTIVE_COMPILATION_CONDITIONS = "DEBUG $(inherited)";
				SWIFT_OPTIMIZATION_LEVEL = "-Onone";
			};
			name = Debug;
		};
		7E4AC96E2F268D860037CA75 /* Release */ = {
			isa = XCBuildConfiguration;
			buildSettings = {
				ALWAYS_SEARCH_USER_PATHS = NO;
				ASSETCATALOG_COMPILER_GENERATE_SWIFT_ASSET_SYMBOL_EXTENSIONS = YES;
				CLANG_ANALYZER_NONNULL = YES;
				CLANG_ANALYZER_NUMBER_OBJECT_CONVERSION = YES_AGGRESSIVE;
				CLANG_CXX_LANGUAGE_STANDARD = "gnu++20";
				CLANG_ENABLE_MODULES = YES;
				CLANG_ENABLE_OBJC_ARC = YES;
				CLANG_ENABLE_OBJC_WEAK = YES;
				CLANG_WARN_BLOCK_CAPTURE_AUTORELEASING = YES;
				CLANG_WARN_BOOL_CONVERSION = YES;
				CLANG_WARN_COMMA = YES;
				CLANG_WARN_CONSTANT_CONVERSION = YES;
				CLANG_WARN_DEPRECATED_OBJC_IMPLEMENTATIONS = YES;
				CLANG_WARN_DIRECT_OBJC_ISA_USAGE = YES_ERROR;
				CLANG_WARN_DOCUMENTATION_COMMENTS = YES;
				CLANG_WARN_EMPTY_BODY = YES;
				CLANG_WARN_ENUM_CONVERSION = YES;
				CLANG_WARN_INFINITE_RECURSION = YES;
				CLANG_WARN_INT_CONVERSION = YES;
				CLANG_WARN_NON_LITERAL_NULL_CONVERSION = YES;
				CLANG_WARN_OBJC_IMPLICIT_RETAIN_SELF = YES;
				CLANG_WARN_OBJC_LITERAL_CONVERSION = YES;
				CLANG_WARN_OBJC_ROOT_CLASS = YES_ERROR;
				CLANG_WARN_QUOTED_INCLUDE_IN_FRAMEWORK_HEADER = YES;
				CLANG_WARN_RANGE_LOOP_ANALYSIS = YES;
				CLANG_WARN_STRICT_PROTOTYPES = YES;
				CLANG_WARN_SUSPICIOUS_MOVE = YES;
				CLANG_WARN_UNGUARDED_AVAILABILITY = YES_AGGRESSIVE;
				CLANG_WARN_UNREACHABLE_CODE = YES;
				CLANG_WARN__DUPLICATE_METHOD_MATCH = YES;
				COPY_PHASE_STRIP = NO;
				DEBUG_INFORMATION_FORMAT = "dwarf-with-dsym";
				ENABLE_NS_ASSERTIONS = NO;
				ENABLE_STRICT_OBJC_MSGSEND = YES;
				ENABLE_USER_SCRIPT_SANDBOXING = YES;
				GCC_C_LANGUAGE_STANDARD = gnu17;
				GCC_NO_COMMON_BLOCKS = YES;
				GCC_WARN_64_TO_32_BIT_CONVERSION = YES;
				GCC_WARN_ABOUT_RETURN_TYPE = YES_ERROR;
				GCC_WARN_UNDECLARED_SELECTOR = YES;
				GCC_WARN_UNINITIALIZED_AUTOS = YES_AGGRESSIVE;
				GCC_WARN_UNUSED_FUNCTION = YES;
				GCC_WARN_UNUSED_VARIABLE = YES;
				IPHONEOS_DEPLOYMENT_TARGET = 17.2;
				LOCALIZATION_PREFERS_STRING_CATALOGS = YES;
				MTL_ENABLE_DEBUG_INFO = NO;
				MTL_FAST_MATH = YES;
				SDKROOT = iphoneos;
				SWIFT_COMPILATION_MODE = wholemodule;
				VALIDATE_PRODUCT = YES;
			};
			name = Release;
		};
		7E4AC9702F268D860037CA75 /* Debug */ = {
			isa = XCBuildConfiguration;
			buildSettings = {
				ASSETCATALOG_COMPILER_APPICON_NAME = AppIcon;
				ASSETCATALOG_COMPILER_GLOBAL_ACCENT_COLOR_NAME = AccentColor;
				CODE_SIGN_STYLE = Automatic;
				CURRENT_PROJECT_VERSION = 1;
				DEVELOPMENT_TEAM = C28KDXHKVA;
				GENERATE_INFOPLIST_FILE = YES;
				INFOPLIST_KEY_CFBundleDisplayName = "Джокер";
				INFOPLIST_KEY_UIApplicationSupportsIndirectInputEvents = YES;
				INFOPLIST_KEY_UILaunchStoryboardName = LaunchScreen;
				INFOPLIST_KEY_UIMainStoryboardFile = Main;
				INFOPLIST_KEY_UIStatusBarHidden = YES;
				INFOPLIST_KEY_UISupportedInterfaceOrientations = "UIInterfaceOrientationLandscapeLeft UIInterfaceOrientationLandscapeRight";
				INFOPLIST_KEY_UISupportedInterfaceOrientations_iPad = "UIInterfaceOrientationLandscapeLeft UIInterfaceOrientationLandscapeRight UIInterfaceOrientationPortraitUpsideDown";
				LD_RUNPATH_SEARCH_PATHS = (
					"$(inherited)",
					"@executable_path/Frameworks",
				);
				MARKETING_VERSION = 1.0;
				PRODUCT_BUNDLE_IDENTIFIER = chaniev.Jocker;
				PRODUCT_NAME = "$(TARGET_NAME)";
				SWIFT_EMIT_LOC_STRINGS = YES;
				SWIFT_VERSION = 5.0;
				TARGETED_DEVICE_FAMILY = "1,2";
			};
			name = Debug;
		};
		7E4AC9712F268D860037CA75 /* Release */ = {
			isa = XCBuildConfiguration;
			buildSettings = {
				ASSETCATALOG_COMPILER_APPICON_NAME = AppIcon;
				ASSETCATALOG_COMPILER_GLOBAL_ACCENT_COLOR_NAME = AccentColor;
				CODE_SIGN_STYLE = Automatic;
				CURRENT_PROJECT_VERSION = 1;
				DEVELOPMENT_TEAM = C28KDXHKVA;
				GENERATE_INFOPLIST_FILE = YES;
				INFOPLIST_KEY_CFBundleDisplayName = "Джокер";
				INFOPLIST_KEY_UIApplicationSupportsIndirectInputEvents = YES;
				INFOPLIST_KEY_UILaunchStoryboardName = LaunchScreen;
				INFOPLIST_KEY_UIMainStoryboardFile = Main;
				INFOPLIST_KEY_UIStatusBarHidden = YES;
				INFOPLIST_KEY_UISupportedInterfaceOrientations = "UIInterfaceOrientationLandscapeLeft UIInterfaceOrientationLandscapeRight";
				INFOPLIST_KEY_UISupportedInterfaceOrientations_iPad = "UIInterfaceOrientationLandscapeLeft UIInterfaceOrientationLandscapeRight UIInterfaceOrientationPortraitUpsideDown";
				LD_RUNPATH_SEARCH_PATHS = (
					"$(inherited)",
					"@executable_path/Frameworks",
				);
				MARKETING_VERSION = 1.0;
				PRODUCT_BUNDLE_IDENTIFIER = chaniev.Jocker;
				PRODUCT_NAME = "$(TARGET_NAME)";
				SWIFT_EMIT_LOC_STRINGS = YES;
				SWIFT_VERSION = 5.0;
				TARGETED_DEVICE_FAMILY = "1,2";
			};
			name = Release;
		};
		7E4AC9732F268D860037CA75 /* Debug */ = {
			isa = XCBuildConfiguration;
			buildSettings = {
				ALWAYS_EMBED_SWIFT_STANDARD_LIBRARIES = YES;
				BUNDLE_LOADER = "$(TEST_HOST)";
				CODE_SIGN_STYLE = Automatic;
				CURRENT_PROJECT_VERSION = 1;
				DEVELOPMENT_TEAM = 66ZBRPZ9N2;
				GENERATE_INFOPLIST_FILE = YES;
				IPHONEOS_DEPLOYMENT_TARGET = 17.2;
				MARKETING_VERSION = 1.0;
				PRODUCT_BUNDLE_IDENTIFIER = chaniev.JockerTests;
				PRODUCT_NAME = "$(TARGET_NAME)";
				SWIFT_EMIT_LOC_STRINGS = NO;
				SWIFT_VERSION = 5.0;
				TARGETED_DEVICE_FAMILY = "1,2";
				TEST_HOST = "$(BUILT_PRODUCTS_DIR)/Jocker.app/$(BUNDLE_EXECUTABLE_FOLDER_PATH)/Jocker";
			};
			name = Debug;
		};
		7E4AC9742F268D860037CA75 /* Release */ = {
			isa = XCBuildConfiguration;
			buildSettings = {
				ALWAYS_EMBED_SWIFT_STANDARD_LIBRARIES = YES;
				BUNDLE_LOADER = "$(TEST_HOST)";
				CODE_SIGN_STYLE = Automatic;
				CURRENT_PROJECT_VERSION = 1;
				DEVELOPMENT_TEAM = 66ZBRPZ9N2;
				GENERATE_INFOPLIST_FILE = YES;
				IPHONEOS_DEPLOYMENT_TARGET = 17.2;
				MARKETING_VERSION = 1.0;
				PRODUCT_BUNDLE_IDENTIFIER = chaniev.JockerTests;
				PRODUCT_NAME = "$(TARGET_NAME)";
				SWIFT_EMIT_LOC_STRINGS = NO;
				SWIFT_VERSION = 5.0;
				TARGETED_DEVICE_FAMILY = "1,2";
				TEST_HOST = "$(BUILT_PRODUCTS_DIR)/Jocker.app/$(BUNDLE_EXECUTABLE_FOLDER_PATH)/Jocker";
			};
			name = Release;
		};
		7E4AC9762F268D860037CA75 /* Debug */ = {
			isa = XCBuildConfiguration;
			buildSettings = {
				ALWAYS_EMBED_SWIFT_STANDARD_LIBRARIES = YES;
				CODE_SIGN_STYLE = Automatic;
				CURRENT_PROJECT_VERSION = 1;
				DEVELOPMENT_TEAM = 66ZBRPZ9N2;
				GENERATE_INFOPLIST_FILE = YES;
				MARKETING_VERSION = 1.0;
				PRODUCT_BUNDLE_IDENTIFIER = chaniev.JockerUITests;
				PRODUCT_NAME = "$(TARGET_NAME)";
				SWIFT_EMIT_LOC_STRINGS = NO;
				SWIFT_VERSION = 5.0;
				TARGETED_DEVICE_FAMILY = "1,2";
				TEST_TARGET_NAME = Jocker;
			};
			name = Debug;
		};
		7E4AC9772F268D860037CA75 /* Release */ = {
			isa = XCBuildConfiguration;
			buildSettings = {
				ALWAYS_EMBED_SWIFT_STANDARD_LIBRARIES = YES;
				CODE_SIGN_STYLE = Automatic;
				CURRENT_PROJECT_VERSION = 1;
				DEVELOPMENT_TEAM = 66ZBRPZ9N2;
				GENERATE_INFOPLIST_FILE = YES;
				MARKETING_VERSION = 1.0;
				PRODUCT_BUNDLE_IDENTIFIER = chaniev.JockerUITests;
				PRODUCT_NAME = "$(TARGET_NAME)";
				SWIFT_EMIT_LOC_STRINGS = NO;
				SWIFT_VERSION = 5.0;
				TARGETED_DEVICE_FAMILY = "1,2";
				TEST_TARGET_NAME = Jocker;
			};
			name = Release;
		};
/* End XCBuildConfiguration section */

/* Begin XCConfigurationList section */
		7E4AC93D2F268D810037CA75 /* Build configuration list for PBXProject "Jocker" */ = {
			isa = XCConfigurationList;
			buildConfigurations = (
				7E4AC96D2F268D860037CA75 /* Debug */,
				7E4AC96E2F268D860037CA75 /* Release */,
			);
			defaultConfigurationIsVisible = 0;
			defaultConfigurationName = Release;
		};
		7E4AC96F2F268D860037CA75 /* Build configuration list for PBXNativeTarget "Jocker" */ = {
			isa = XCConfigurationList;
			buildConfigurations = (
				7E4AC9702F268D860037CA75 /* Debug */,
				7E4AC9712F268D860037CA75 /* Release */,
			);
			defaultConfigurationIsVisible = 0;
			defaultConfigurationName = Release;
		};
		7E4AC9722F268D860037CA75 /* Build configuration list for PBXNativeTarget "JockerTests" */ = {
			isa = XCConfigurationList;
			buildConfigurations = (
				7E4AC9732F268D860037CA75 /* Debug */,
				7E4AC9742F268D860037CA75 /* Release */,
			);
			defaultConfigurationIsVisible = 0;
			defaultConfigurationName = Release;
		};
		7E4AC9752F268D860037CA75 /* Build configuration list for PBXNativeTarget "JockerUITests" */ = {
			isa = XCConfigurationList;
			buildConfigurations = (
				7E4AC9762F268D860037CA75 /* Debug */,
				7E4AC9772F268D860037CA75 /* Release */,
			);
			defaultConfigurationIsVisible = 0;
			defaultConfigurationName = Release;
		};
/* End XCConfigurationList section */
	};
	rootObject = 7E4AC93A2F268D810037CA75 /* Project object */;
}
